// !$*UTF8*$!
{
	archiveVersion = 1;
	classes = {
	};
	objectVersion = 50;
	objects = {

/* Begin PBXBuildFile section */
		0CAB1CB43420C44A4C2935F9 /* Pods_FoundSounds_TVTests.framework in Frameworks */ = {isa = PBXBuildFile; fileRef = BC45B757681ABD9BF724ADD4 /* Pods_FoundSounds_TVTests.framework */; };
		1EC6E89E3964C8A7BA9F0033 /* Pods_FoundSoundsUITests.framework in Frameworks */ = {isa = PBXBuildFile; fileRef = C3543FA1D2A3C933F2A677F4 /* Pods_FoundSoundsUITests.framework */; };
		24BCDF79D4F56076E8FCAF91 /* Pods_FoundSounds_Today_View.framework in Frameworks */ = {isa = PBXBuildFile; fileRef = CB3637C4F8695BE436F32B83 /* Pods_FoundSounds_Today_View.framework */; };
		32BFF2B6723084012B3E223F /* Pods_FoundSounds_TV.framework in Frameworks */ = {isa = PBXBuildFile; fileRef = 3ED13684F29E0867FF6E69C4 /* Pods_FoundSounds_TV.framework */; };
		63A0CEC5218F7F9300013935 /* AppDelegate.swift in Sources */ = {isa = PBXBuildFile; fileRef = 63A0CEC4218F7F9300013935 /* AppDelegate.swift */; };
		63A0CEC7218F7F9300013935 /* FirstViewController.swift in Sources */ = {isa = PBXBuildFile; fileRef = 63A0CEC6218F7F9300013935 /* FirstViewController.swift */; };
		63A0CEC9218F7F9300013935 /* SecondViewController.swift in Sources */ = {isa = PBXBuildFile; fileRef = 63A0CEC8218F7F9300013935 /* SecondViewController.swift */; };
		63A0CECC218F7F9300013935 /* Main.storyboard in Resources */ = {isa = PBXBuildFile; fileRef = 63A0CECA218F7F9300013935 /* Main.storyboard */; };
		63A0CECE218F7F9400013935 /* Assets.xcassets in Resources */ = {isa = PBXBuildFile; fileRef = 63A0CECD218F7F9400013935 /* Assets.xcassets */; };
		63A0CED1218F7F9400013935 /* LaunchScreen.storyboard in Resources */ = {isa = PBXBuildFile; fileRef = 63A0CECF218F7F9400013935 /* LaunchScreen.storyboard */; };
		63A0CEDC218F7F9400013935 /* FoundSoundsTests.swift in Sources */ = {isa = PBXBuildFile; fileRef = 63A0CEDB218F7F9400013935 /* FoundSoundsTests.swift */; };
		63A0CEE7218F7F9400013935 /* FoundSoundsUITests.swift in Sources */ = {isa = PBXBuildFile; fileRef = 63A0CEE6218F7F9400013935 /* FoundSoundsUITests.swift */; };
		63A0CEFA218F7FAB00013935 /* Interface.storyboard in Resources */ = {isa = PBXBuildFile; fileRef = 63A0CEF8218F7FAB00013935 /* Interface.storyboard */; };
		63A0CEFC218F7FAC00013935 /* Assets.xcassets in Resources */ = {isa = PBXBuildFile; fileRef = 63A0CEFB218F7FAC00013935 /* Assets.xcassets */; };
		63A0CF03218F7FAC00013935 /* FoundSounds Watch Extension.appex in Embed App Extensions */ = {isa = PBXBuildFile; fileRef = 63A0CF02218F7FAC00013935 /* FoundSounds Watch Extension.appex */; settings = {ATTRIBUTES = (RemoveHeadersOnCopy, ); }; };
		63A0CF08218F7FAC00013935 /* InterfaceController.swift in Sources */ = {isa = PBXBuildFile; fileRef = 63A0CF07218F7FAC00013935 /* InterfaceController.swift */; };
		63A0CF0A218F7FAC00013935 /* ExtensionDelegate.swift in Sources */ = {isa = PBXBuildFile; fileRef = 63A0CF09218F7FAC00013935 /* ExtensionDelegate.swift */; };
		63A0CF0C218F7FAC00013935 /* NotificationController.swift in Sources */ = {isa = PBXBuildFile; fileRef = 63A0CF0B218F7FAC00013935 /* NotificationController.swift */; };
		63A0CF0E218F7FAC00013935 /* ComplicationController.swift in Sources */ = {isa = PBXBuildFile; fileRef = 63A0CF0D218F7FAC00013935 /* ComplicationController.swift */; };
		63A0CF10218F7FAD00013935 /* Assets.xcassets in Resources */ = {isa = PBXBuildFile; fileRef = 63A0CF0F218F7FAD00013935 /* Assets.xcassets */; };
		63A0CF15218F7FAD00013935 /* FoundSounds Watch.app in Embed Watch Content */ = {isa = PBXBuildFile; fileRef = 63A0CEF6218F7FAB00013935 /* FoundSounds Watch.app */; };
		63A0CF25218F7FC500013935 /* AppDelegate.swift in Sources */ = {isa = PBXBuildFile; fileRef = 63A0CF24218F7FC500013935 /* AppDelegate.swift */; };
		63A0CF27218F7FC500013935 /* FirstViewController.swift in Sources */ = {isa = PBXBuildFile; fileRef = 63A0CF26218F7FC500013935 /* FirstViewController.swift */; };
		63A0CF29218F7FC500013935 /* SecondViewController.swift in Sources */ = {isa = PBXBuildFile; fileRef = 63A0CF28218F7FC500013935 /* SecondViewController.swift */; };
		63A0CF2C218F7FC500013935 /* Main.storyboard in Resources */ = {isa = PBXBuildFile; fileRef = 63A0CF2A218F7FC500013935 /* Main.storyboard */; };
		63A0CF2E218F7FC700013935 /* Assets.xcassets in Resources */ = {isa = PBXBuildFile; fileRef = 63A0CF2D218F7FC700013935 /* Assets.xcassets */; };
		63A0CF39218F7FC700013935 /* FoundSounds_TVTests.swift in Sources */ = {isa = PBXBuildFile; fileRef = 63A0CF38218F7FC700013935 /* FoundSounds_TVTests.swift */; };
		63A0CF44218F7FC700013935 /* FoundSounds_TVUITests.swift in Sources */ = {isa = PBXBuildFile; fileRef = 63A0CF43218F7FC700013935 /* FoundSounds_TVUITests.swift */; };
		63A0CF56218F7FF300013935 /* NotificationCenter.framework in Frameworks */ = {isa = PBXBuildFile; fileRef = 63A0CF55218F7FF300013935 /* NotificationCenter.framework */; };
		63A0CF59218F7FF300013935 /* TodayViewController.swift in Sources */ = {isa = PBXBuildFile; fileRef = 63A0CF58218F7FF300013935 /* TodayViewController.swift */; };
		63A0CF5C218F7FF300013935 /* MainInterface.storyboard in Resources */ = {isa = PBXBuildFile; fileRef = 63A0CF5A218F7FF300013935 /* MainInterface.storyboard */; };
		63A0CF60218F7FF300013935 /* FoundSounds Today View.appex in Embed App Extensions */ = {isa = PBXBuildFile; fileRef = 63A0CF53218F7FF300013935 /* FoundSounds Today View.appex */; settings = {ATTRIBUTES = (RemoveHeadersOnCopy, ); }; };
		8B5C83E820051104E24C04A6 /* Pods_FoundSounds_Watch_Extension.framework in Frameworks */ = {isa = PBXBuildFile; fileRef = BB5FBC9FDE74DD67615B97CE /* Pods_FoundSounds_Watch_Extension.framework */; };
		8CD6281D0839D8C833172AF6 /* Pods_FoundSounds.framework in Frameworks */ = {isa = PBXBuildFile; fileRef = 3105CAB5912EFD78610807AF /* Pods_FoundSounds.framework */; };
		AD5ADAA280B81B0EEB6FB9C6 /* Pods_FoundSounds_Watch.framework in Frameworks */ = {isa = PBXBuildFile; fileRef = 7729E1B239A77E0028702A3E /* Pods_FoundSounds_Watch.framework */; };
		E9116E1B14874CAE063939E7 /* Pods_FoundSoundsTests.framework in Frameworks */ = {isa = PBXBuildFile; fileRef = 1108787C7050AAC92462E608 /* Pods_FoundSoundsTests.framework */; };
		EFB097FAC678CEE751796921 /* Pods_FoundSounds_TVUITests.framework in Frameworks */ = {isa = PBXBuildFile; fileRef = 96E77624F400BDFB8BFFB12B /* Pods_FoundSounds_TVUITests.framework */; };
/* End PBXBuildFile section */

/* Begin PBXContainerItemProxy section */
		63A0CED8218F7F9400013935 /* PBXContainerItemProxy */ = {
			isa = PBXContainerItemProxy;
			containerPortal = 63A0CEB9218F7F9300013935 /* Project object */;
			proxyType = 1;
			remoteGlobalIDString = 63A0CEC0218F7F9300013935;
			remoteInfo = FoundSounds;
		};
		63A0CEE3218F7F9400013935 /* PBXContainerItemProxy */ = {
			isa = PBXContainerItemProxy;
			containerPortal = 63A0CEB9218F7F9300013935 /* Project object */;
			proxyType = 1;
			remoteGlobalIDString = 63A0CEC0218F7F9300013935;
			remoteInfo = FoundSounds;
		};
		63A0CF04218F7FAC00013935 /* PBXContainerItemProxy */ = {
			isa = PBXContainerItemProxy;
			containerPortal = 63A0CEB9218F7F9300013935 /* Project object */;
			proxyType = 1;
			remoteGlobalIDString = 63A0CF01218F7FAC00013935;
			remoteInfo = "FoundSounds Watch Extension";
		};
		63A0CF13218F7FAD00013935 /* PBXContainerItemProxy */ = {
			isa = PBXContainerItemProxy;
			containerPortal = 63A0CEB9218F7F9300013935 /* Project object */;
			proxyType = 1;
			remoteGlobalIDString = 63A0CEF5218F7FAB00013935;
			remoteInfo = "FoundSounds Watch";
		};
		63A0CF35218F7FC700013935 /* PBXContainerItemProxy */ = {
			isa = PBXContainerItemProxy;
			containerPortal = 63A0CEB9218F7F9300013935 /* Project object */;
			proxyType = 1;
			remoteGlobalIDString = 63A0CF21218F7FC500013935;
			remoteInfo = "FoundSounds TV";
		};
		63A0CF40218F7FC700013935 /* PBXContainerItemProxy */ = {
			isa = PBXContainerItemProxy;
			containerPortal = 63A0CEB9218F7F9300013935 /* Project object */;
			proxyType = 1;
			remoteGlobalIDString = 63A0CF21218F7FC500013935;
			remoteInfo = "FoundSounds TV";
		};
		63A0CF5E218F7FF300013935 /* PBXContainerItemProxy */ = {
			isa = PBXContainerItemProxy;
			containerPortal = 63A0CEB9218F7F9300013935 /* Project object */;
			proxyType = 1;
			remoteGlobalIDString = 63A0CF52218F7FF300013935;
			remoteInfo = "FoundSounds Today View";
		};
/* End PBXContainerItemProxy section */

/* Begin PBXCopyFilesBuildPhase section */
		63A0CF19218F7FAD00013935 /* Embed App Extensions */ = {
			isa = PBXCopyFilesBuildPhase;
			buildActionMask = 2147483647;
			dstPath = "";
			dstSubfolderSpec = 13;
			files = (
				63A0CF03218F7FAC00013935 /* FoundSounds Watch Extension.appex in Embed App Extensions */,
			);
			name = "Embed App Extensions";
			runOnlyForDeploymentPostprocessing = 0;
		};
		63A0CF1D218F7FAD00013935 /* Embed Watch Content */ = {
			isa = PBXCopyFilesBuildPhase;
			buildActionMask = 2147483647;
			dstPath = "$(CONTENTS_FOLDER_PATH)/Watch";
			dstSubfolderSpec = 16;
			files = (
				63A0CF15218F7FAD00013935 /* FoundSounds Watch.app in Embed Watch Content */,
			);
			name = "Embed Watch Content";
			runOnlyForDeploymentPostprocessing = 0;
		};
		63A0CF64218F7FF300013935 /* Embed App Extensions */ = {
			isa = PBXCopyFilesBuildPhase;
			buildActionMask = 2147483647;
			dstPath = "";
			dstSubfolderSpec = 13;
			files = (
				63A0CF60218F7FF300013935 /* FoundSounds Today View.appex in Embed App Extensions */,
			);
			name = "Embed App Extensions";
			runOnlyForDeploymentPostprocessing = 0;
		};
/* End PBXCopyFilesBuildPhase section */

/* Begin PBXFileReference section */
		0126FCB2F7D980043B6A2BDE /* Pods-FoundSoundsTests.release.xcconfig */ = {isa = PBXFileReference; includeInIndex = 1; lastKnownFileType = text.xcconfig; name = "Pods-FoundSoundsTests.release.xcconfig"; path = "Pods/Target Support Files/Pods-FoundSoundsTests/Pods-FoundSoundsTests.release.xcconfig"; sourceTree = "<group>"; };
		023817B0DB69CF3CC330B4D2 /* Pods-FoundSounds TVUITests.debug.xcconfig */ = {isa = PBXFileReference; includeInIndex = 1; lastKnownFileType = text.xcconfig; name = "Pods-FoundSounds TVUITests.debug.xcconfig"; path = "Pods/Target Support Files/Pods-FoundSounds TVUITests/Pods-FoundSounds TVUITests.debug.xcconfig"; sourceTree = "<group>"; };
		0CD29AF711AC843B8A74B67C /* Pods-FoundSounds TVUITests.release.xcconfig */ = {isa = PBXFileReference; includeInIndex = 1; lastKnownFileType = text.xcconfig; name = "Pods-FoundSounds TVUITests.release.xcconfig"; path = "Pods/Target Support Files/Pods-FoundSounds TVUITests/Pods-FoundSounds TVUITests.release.xcconfig"; sourceTree = "<group>"; };
		105F38B756B37E39AA2D072E /* Pods-FoundSounds Watch.release.xcconfig */ = {isa = PBXFileReference; includeInIndex = 1; lastKnownFileType = text.xcconfig; name = "Pods-FoundSounds Watch.release.xcconfig"; path = "Pods/Target Support Files/Pods-FoundSounds Watch/Pods-FoundSounds Watch.release.xcconfig"; sourceTree = "<group>"; };
		1108787C7050AAC92462E608 /* Pods_FoundSoundsTests.framework */ = {isa = PBXFileReference; explicitFileType = wrapper.framework; includeInIndex = 0; path = Pods_FoundSoundsTests.framework; sourceTree = BUILT_PRODUCTS_DIR; };
		150566367024E258799C9658 /* Pods-FoundSoundsUITests.debug.xcconfig */ = {isa = PBXFileReference; includeInIndex = 1; lastKnownFileType = text.xcconfig; name = "Pods-FoundSoundsUITests.debug.xcconfig"; path = "Pods/Target Support Files/Pods-FoundSoundsUITests/Pods-FoundSoundsUITests.debug.xcconfig"; sourceTree = "<group>"; };
		1EB8E8E4403967B754B9B182 /* Pods-FoundSounds Watch Extension.debug.xcconfig */ = {isa = PBXFileReference; includeInIndex = 1; lastKnownFileType = text.xcconfig; name = "Pods-FoundSounds Watch Extension.debug.xcconfig"; path = "Pods/Target Support Files/Pods-FoundSounds Watch Extension/Pods-FoundSounds Watch Extension.debug.xcconfig"; sourceTree = "<group>"; };
		24F587573C9F35C3C558A81D /* Pods-FoundSounds Today View.debug.xcconfig */ = {isa = PBXFileReference; includeInIndex = 1; lastKnownFileType = text.xcconfig; name = "Pods-FoundSounds Today View.debug.xcconfig"; path = "Pods/Target Support Files/Pods-FoundSounds Today View/Pods-FoundSounds Today View.debug.xcconfig"; sourceTree = "<group>"; };
		2DE1B9C8003C970F33E2F7ED /* Pods-FoundSounds TV.release.xcconfig */ = {isa = PBXFileReference; includeInIndex = 1; lastKnownFileType = text.xcconfig; name = "Pods-FoundSounds TV.release.xcconfig"; path = "Pods/Target Support Files/Pods-FoundSounds TV/Pods-FoundSounds TV.release.xcconfig"; sourceTree = "<group>"; };
		3105CAB5912EFD78610807AF /* Pods_FoundSounds.framework */ = {isa = PBXFileReference; explicitFileType = wrapper.framework; includeInIndex = 0; path = Pods_FoundSounds.framework; sourceTree = BUILT_PRODUCTS_DIR; };
		3ED13684F29E0867FF6E69C4 /* Pods_FoundSounds_TV.framework */ = {isa = PBXFileReference; explicitFileType = wrapper.framework; includeInIndex = 0; path = Pods_FoundSounds_TV.framework; sourceTree = BUILT_PRODUCTS_DIR; };
		5B24B5A6C871AA09D17872A5 /* Pods-FoundSoundsUITests.release.xcconfig */ = {isa = PBXFileReference; includeInIndex = 1; lastKnownFileType = text.xcconfig; name = "Pods-FoundSoundsUITests.release.xcconfig"; path = "Pods/Target Support Files/Pods-FoundSoundsUITests/Pods-FoundSoundsUITests.release.xcconfig"; sourceTree = "<group>"; };
		612837542023A9184A3C90BC /* Pods-FoundSounds TVTests.release.xcconfig */ = {isa = PBXFileReference; includeInIndex = 1; lastKnownFileType = text.xcconfig; name = "Pods-FoundSounds TVTests.release.xcconfig"; path = "Pods/Target Support Files/Pods-FoundSounds TVTests/Pods-FoundSounds TVTests.release.xcconfig"; sourceTree = "<group>"; };
		61672E9733BF3CEA716AB4DA /* Pods-FoundSounds Watch.debug.xcconfig */ = {isa = PBXFileReference; includeInIndex = 1; lastKnownFileType = text.xcconfig; name = "Pods-FoundSounds Watch.debug.xcconfig"; path = "Pods/Target Support Files/Pods-FoundSounds Watch/Pods-FoundSounds Watch.debug.xcconfig"; sourceTree = "<group>"; };
		63A0CEC1218F7F9300013935 /* FoundSounds.app */ = {isa = PBXFileReference; explicitFileType = wrapper.application; includeInIndex = 0; path = FoundSounds.app; sourceTree = BUILT_PRODUCTS_DIR; };
		63A0CEC4218F7F9300013935 /* AppDelegate.swift */ = {isa = PBXFileReference; lastKnownFileType = sourcecode.swift; path = AppDelegate.swift; sourceTree = "<group>"; };
		63A0CEC6218F7F9300013935 /* FirstViewController.swift */ = {isa = PBXFileReference; lastKnownFileType = sourcecode.swift; path = FirstViewController.swift; sourceTree = "<group>"; };
		63A0CEC8218F7F9300013935 /* SecondViewController.swift */ = {isa = PBXFileReference; lastKnownFileType = sourcecode.swift; path = SecondViewController.swift; sourceTree = "<group>"; };
		63A0CECB218F7F9300013935 /* Base */ = {isa = PBXFileReference; lastKnownFileType = file.storyboard; name = Base; path = Base.lproj/Main.storyboard; sourceTree = "<group>"; };
		63A0CECD218F7F9400013935 /* Assets.xcassets */ = {isa = PBXFileReference; lastKnownFileType = folder.assetcatalog; path = Assets.xcassets; sourceTree = "<group>"; };
		63A0CED0218F7F9400013935 /* Base */ = {isa = PBXFileReference; lastKnownFileType = file.storyboard; name = Base; path = Base.lproj/LaunchScreen.storyboard; sourceTree = "<group>"; };
		63A0CED2218F7F9400013935 /* Info.plist */ = {isa = PBXFileReference; lastKnownFileType = text.plist.xml; path = Info.plist; sourceTree = "<group>"; };
		63A0CED7218F7F9400013935 /* FoundSoundsTests.xctest */ = {isa = PBXFileReference; explicitFileType = wrapper.cfbundle; includeInIndex = 0; path = FoundSoundsTests.xctest; sourceTree = BUILT_PRODUCTS_DIR; };
		63A0CEDB218F7F9400013935 /* FoundSoundsTests.swift */ = {isa = PBXFileReference; lastKnownFileType = sourcecode.swift; path = FoundSoundsTests.swift; sourceTree = "<group>"; };
		63A0CEDD218F7F9400013935 /* Info.plist */ = {isa = PBXFileReference; lastKnownFileType = text.plist.xml; path = Info.plist; sourceTree = "<group>"; };
		63A0CEE2218F7F9400013935 /* FoundSoundsUITests.xctest */ = {isa = PBXFileReference; explicitFileType = wrapper.cfbundle; includeInIndex = 0; path = FoundSoundsUITests.xctest; sourceTree = BUILT_PRODUCTS_DIR; };
		63A0CEE6218F7F9400013935 /* FoundSoundsUITests.swift */ = {isa = PBXFileReference; lastKnownFileType = sourcecode.swift; path = FoundSoundsUITests.swift; sourceTree = "<group>"; };
		63A0CEE8218F7F9400013935 /* Info.plist */ = {isa = PBXFileReference; lastKnownFileType = text.plist.xml; path = Info.plist; sourceTree = "<group>"; };
		63A0CEF6218F7FAB00013935 /* FoundSounds Watch.app */ = {isa = PBXFileReference; explicitFileType = wrapper.application; includeInIndex = 0; path = "FoundSounds Watch.app"; sourceTree = BUILT_PRODUCTS_DIR; };
		63A0CEF9218F7FAB00013935 /* Base */ = {isa = PBXFileReference; lastKnownFileType = file.storyboard; name = Base; path = Base.lproj/Interface.storyboard; sourceTree = "<group>"; };
		63A0CEFB218F7FAC00013935 /* Assets.xcassets */ = {isa = PBXFileReference; lastKnownFileType = folder.assetcatalog; path = Assets.xcassets; sourceTree = "<group>"; };
		63A0CEFD218F7FAC00013935 /* Info.plist */ = {isa = PBXFileReference; lastKnownFileType = text.plist.xml; path = Info.plist; sourceTree = "<group>"; };
		63A0CF02218F7FAC00013935 /* FoundSounds Watch Extension.appex */ = {isa = PBXFileReference; explicitFileType = "wrapper.app-extension"; includeInIndex = 0; path = "FoundSounds Watch Extension.appex"; sourceTree = BUILT_PRODUCTS_DIR; };
		63A0CF07218F7FAC00013935 /* InterfaceController.swift */ = {isa = PBXFileReference; lastKnownFileType = sourcecode.swift; path = InterfaceController.swift; sourceTree = "<group>"; };
		63A0CF09218F7FAC00013935 /* ExtensionDelegate.swift */ = {isa = PBXFileReference; lastKnownFileType = sourcecode.swift; path = ExtensionDelegate.swift; sourceTree = "<group>"; };
		63A0CF0B218F7FAC00013935 /* NotificationController.swift */ = {isa = PBXFileReference; lastKnownFileType = sourcecode.swift; path = NotificationController.swift; sourceTree = "<group>"; };
		63A0CF0D218F7FAC00013935 /* ComplicationController.swift */ = {isa = PBXFileReference; lastKnownFileType = sourcecode.swift; path = ComplicationController.swift; sourceTree = "<group>"; };
		63A0CF0F218F7FAD00013935 /* Assets.xcassets */ = {isa = PBXFileReference; lastKnownFileType = folder.assetcatalog; path = Assets.xcassets; sourceTree = "<group>"; };
		63A0CF11218F7FAD00013935 /* Info.plist */ = {isa = PBXFileReference; lastKnownFileType = text.plist.xml; path = Info.plist; sourceTree = "<group>"; };
		63A0CF12218F7FAD00013935 /* PushNotificationPayload.apns */ = {isa = PBXFileReference; lastKnownFileType = text; path = PushNotificationPayload.apns; sourceTree = "<group>"; };
		63A0CF22218F7FC500013935 /* FoundSounds TV.app */ = {isa = PBXFileReference; explicitFileType = wrapper.application; includeInIndex = 0; path = "FoundSounds TV.app"; sourceTree = BUILT_PRODUCTS_DIR; };
		63A0CF24218F7FC500013935 /* AppDelegate.swift */ = {isa = PBXFileReference; lastKnownFileType = sourcecode.swift; path = AppDelegate.swift; sourceTree = "<group>"; };
		63A0CF26218F7FC500013935 /* FirstViewController.swift */ = {isa = PBXFileReference; lastKnownFileType = sourcecode.swift; path = FirstViewController.swift; sourceTree = "<group>"; };
		63A0CF28218F7FC500013935 /* SecondViewController.swift */ = {isa = PBXFileReference; lastKnownFileType = sourcecode.swift; path = SecondViewController.swift; sourceTree = "<group>"; };
		63A0CF2B218F7FC500013935 /* Base */ = {isa = PBXFileReference; lastKnownFileType = file.storyboard; name = Base; path = Base.lproj/Main.storyboard; sourceTree = "<group>"; };
		63A0CF2D218F7FC700013935 /* Assets.xcassets */ = {isa = PBXFileReference; lastKnownFileType = folder.assetcatalog; path = Assets.xcassets; sourceTree = "<group>"; };
		63A0CF2F218F7FC700013935 /* Info.plist */ = {isa = PBXFileReference; lastKnownFileType = text.plist.xml; path = Info.plist; sourceTree = "<group>"; };
		63A0CF34218F7FC700013935 /* FoundSounds TVTests.xctest */ = {isa = PBXFileReference; explicitFileType = wrapper.cfbundle; includeInIndex = 0; path = "FoundSounds TVTests.xctest"; sourceTree = BUILT_PRODUCTS_DIR; };
		63A0CF38218F7FC700013935 /* FoundSounds_TVTests.swift */ = {isa = PBXFileReference; lastKnownFileType = sourcecode.swift; path = FoundSounds_TVTests.swift; sourceTree = "<group>"; };
		63A0CF3A218F7FC700013935 /* Info.plist */ = {isa = PBXFileReference; lastKnownFileType = text.plist.xml; path = Info.plist; sourceTree = "<group>"; };
		63A0CF3F218F7FC700013935 /* FoundSounds TVUITests.xctest */ = {isa = PBXFileReference; explicitFileType = wrapper.cfbundle; includeInIndex = 0; path = "FoundSounds TVUITests.xctest"; sourceTree = BUILT_PRODUCTS_DIR; };
		63A0CF43218F7FC700013935 /* FoundSounds_TVUITests.swift */ = {isa = PBXFileReference; lastKnownFileType = sourcecode.swift; path = FoundSounds_TVUITests.swift; sourceTree = "<group>"; };
		63A0CF45218F7FC700013935 /* Info.plist */ = {isa = PBXFileReference; lastKnownFileType = text.plist.xml; path = Info.plist; sourceTree = "<group>"; };
		63A0CF53218F7FF300013935 /* FoundSounds Today View.appex */ = {isa = PBXFileReference; explicitFileType = "wrapper.app-extension"; includeInIndex = 0; path = "FoundSounds Today View.appex"; sourceTree = BUILT_PRODUCTS_DIR; };
		63A0CF55218F7FF300013935 /* NotificationCenter.framework */ = {isa = PBXFileReference; lastKnownFileType = wrapper.framework; name = NotificationCenter.framework; path = System/Library/Frameworks/NotificationCenter.framework; sourceTree = SDKROOT; };
		63A0CF58218F7FF300013935 /* TodayViewController.swift */ = {isa = PBXFileReference; lastKnownFileType = sourcecode.swift; path = TodayViewController.swift; sourceTree = "<group>"; };
		63A0CF5B218F7FF300013935 /* Base */ = {isa = PBXFileReference; lastKnownFileType = file.storyboard; name = Base; path = Base.lproj/MainInterface.storyboard; sourceTree = "<group>"; };
		63A0CF5D218F7FF300013935 /* Info.plist */ = {isa = PBXFileReference; lastKnownFileType = text.plist.xml; path = Info.plist; sourceTree = "<group>"; };
		7729E1B239A77E0028702A3E /* Pods_FoundSounds_Watch.framework */ = {isa = PBXFileReference; explicitFileType = wrapper.framework; includeInIndex = 0; path = Pods_FoundSounds_Watch.framework; sourceTree = BUILT_PRODUCTS_DIR; };
		82A115A536509165CD0587FC /* Pods-FoundSounds TV.debug.xcconfig */ = {isa = PBXFileReference; includeInIndex = 1; lastKnownFileType = text.xcconfig; name = "Pods-FoundSounds TV.debug.xcconfig"; path = "Pods/Target Support Files/Pods-FoundSounds TV/Pods-FoundSounds TV.debug.xcconfig"; sourceTree = "<group>"; };
		8D9EB0466ED089B97831175A /* Pods-FoundSounds Today View.release.xcconfig */ = {isa = PBXFileReference; includeInIndex = 1; lastKnownFileType = text.xcconfig; name = "Pods-FoundSounds Today View.release.xcconfig"; path = "Pods/Target Support Files/Pods-FoundSounds Today View/Pods-FoundSounds Today View.release.xcconfig"; sourceTree = "<group>"; };
		96E77624F400BDFB8BFFB12B /* Pods_FoundSounds_TVUITests.framework */ = {isa = PBXFileReference; explicitFileType = wrapper.framework; includeInIndex = 0; path = Pods_FoundSounds_TVUITests.framework; sourceTree = BUILT_PRODUCTS_DIR; };
		9C6DBA813F204410DB53E5BF /* Pods-FoundSounds.debug.xcconfig */ = {isa = PBXFileReference; includeInIndex = 1; lastKnownFileType = text.xcconfig; name = "Pods-FoundSounds.debug.xcconfig"; path = "Pods/Target Support Files/Pods-FoundSounds/Pods-FoundSounds.debug.xcconfig"; sourceTree = "<group>"; };
		AB0D287332F96A81DE52B274 /* Pods-FoundSounds.release.xcconfig */ = {isa = PBXFileReference; includeInIndex = 1; lastKnownFileType = text.xcconfig; name = "Pods-FoundSounds.release.xcconfig"; path = "Pods/Target Support Files/Pods-FoundSounds/Pods-FoundSounds.release.xcconfig"; sourceTree = "<group>"; };
		BB5FBC9FDE74DD67615B97CE /* Pods_FoundSounds_Watch_Extension.framework */ = {isa = PBXFileReference; explicitFileType = wrapper.framework; includeInIndex = 0; path = Pods_FoundSounds_Watch_Extension.framework; sourceTree = BUILT_PRODUCTS_DIR; };
		BC45B757681ABD9BF724ADD4 /* Pods_FoundSounds_TVTests.framework */ = {isa = PBXFileReference; explicitFileType = wrapper.framework; includeInIndex = 0; path = Pods_FoundSounds_TVTests.framework; sourceTree = BUILT_PRODUCTS_DIR; };
		C3543FA1D2A3C933F2A677F4 /* Pods_FoundSoundsUITests.framework */ = {isa = PBXFileReference; explicitFileType = wrapper.framework; includeInIndex = 0; path = Pods_FoundSoundsUITests.framework; sourceTree = BUILT_PRODUCTS_DIR; };
		CB3637C4F8695BE436F32B83 /* Pods_FoundSounds_Today_View.framework */ = {isa = PBXFileReference; explicitFileType = wrapper.framework; includeInIndex = 0; path = Pods_FoundSounds_Today_View.framework; sourceTree = BUILT_PRODUCTS_DIR; };
		E3958EEC51B54039F7A5C3A5 /* Pods-FoundSounds Watch Extension.release.xcconfig */ = {isa = PBXFileReference; includeInIndex = 1; lastKnownFileType = text.xcconfig; name = "Pods-FoundSounds Watch Extension.release.xcconfig"; path = "Pods/Target Support Files/Pods-FoundSounds Watch Extension/Pods-FoundSounds Watch Extension.release.xcconfig"; sourceTree = "<group>"; };
		EB390DEDD0BD694C1CC97E69 /* Pods-FoundSoundsTests.debug.xcconfig */ = {isa = PBXFileReference; includeInIndex = 1; lastKnownFileType = text.xcconfig; name = "Pods-FoundSoundsTests.debug.xcconfig"; path = "Pods/Target Support Files/Pods-FoundSoundsTests/Pods-FoundSoundsTests.debug.xcconfig"; sourceTree = "<group>"; };
		F5E76F02B6F342F4D4F20FF7 /* Pods-FoundSounds TVTests.debug.xcconfig */ = {isa = PBXFileReference; includeInIndex = 1; lastKnownFileType = text.xcconfig; name = "Pods-FoundSounds TVTests.debug.xcconfig"; path = "Pods/Target Support Files/Pods-FoundSounds TVTests/Pods-FoundSounds TVTests.debug.xcconfig"; sourceTree = "<group>"; };
/* End PBXFileReference section */

/* Begin PBXFrameworksBuildPhase section */
		63A0CEBE218F7F9300013935 /* Frameworks */ = {
			isa = PBXFrameworksBuildPhase;
			buildActionMask = 2147483647;
			files = (
				8CD6281D0839D8C833172AF6 /* Pods_FoundSounds.framework in Frameworks */,
			);
			runOnlyForDeploymentPostprocessing = 0;
		};
		63A0CED4218F7F9400013935 /* Frameworks */ = {
			isa = PBXFrameworksBuildPhase;
			buildActionMask = 2147483647;
			files = (
				E9116E1B14874CAE063939E7 /* Pods_FoundSoundsTests.framework in Frameworks */,
			);
			runOnlyForDeploymentPostprocessing = 0;
		};
		63A0CEDF218F7F9400013935 /* Frameworks */ = {
			isa = PBXFrameworksBuildPhase;
			buildActionMask = 2147483647;
			files = (
				1EC6E89E3964C8A7BA9F0033 /* Pods_FoundSoundsUITests.framework in Frameworks */,
			);
			runOnlyForDeploymentPostprocessing = 0;
		};
		63A0CEFF218F7FAC00013935 /* Frameworks */ = {
			isa = PBXFrameworksBuildPhase;
			buildActionMask = 2147483647;
			files = (
				8B5C83E820051104E24C04A6 /* Pods_FoundSounds_Watch_Extension.framework in Frameworks */,
			);
			runOnlyForDeploymentPostprocessing = 0;
		};
		63A0CF1F218F7FC500013935 /* Frameworks */ = {
			isa = PBXFrameworksBuildPhase;
			buildActionMask = 2147483647;
			files = (
				32BFF2B6723084012B3E223F /* Pods_FoundSounds_TV.framework in Frameworks */,
			);
			runOnlyForDeploymentPostprocessing = 0;
		};
		63A0CF31218F7FC700013935 /* Frameworks */ = {
			isa = PBXFrameworksBuildPhase;
			buildActionMask = 2147483647;
			files = (
				0CAB1CB43420C44A4C2935F9 /* Pods_FoundSounds_TVTests.framework in Frameworks */,
			);
			runOnlyForDeploymentPostprocessing = 0;
		};
		63A0CF3C218F7FC700013935 /* Frameworks */ = {
			isa = PBXFrameworksBuildPhase;
			buildActionMask = 2147483647;
			files = (
				EFB097FAC678CEE751796921 /* Pods_FoundSounds_TVUITests.framework in Frameworks */,
			);
			runOnlyForDeploymentPostprocessing = 0;
		};
		63A0CF50218F7FF300013935 /* Frameworks */ = {
			isa = PBXFrameworksBuildPhase;
			buildActionMask = 2147483647;
			files = (
				63A0CF56218F7FF300013935 /* NotificationCenter.framework in Frameworks */,
				24BCDF79D4F56076E8FCAF91 /* Pods_FoundSounds_Today_View.framework in Frameworks */,
			);
			runOnlyForDeploymentPostprocessing = 0;
		};
		9581E11ECDC7CEDA2A29423A /* Frameworks */ = {
			isa = PBXFrameworksBuildPhase;
			buildActionMask = 2147483647;
			files = (
				AD5ADAA280B81B0EEB6FB9C6 /* Pods_FoundSounds_Watch.framework in Frameworks */,
			);
			runOnlyForDeploymentPostprocessing = 0;
		};
/* End PBXFrameworksBuildPhase section */

/* Begin PBXGroup section */
		5156238941C8054D830CB65A /* Pods */ = {
			isa = PBXGroup;
			children = (
				9C6DBA813F204410DB53E5BF /* Pods-FoundSounds.debug.xcconfig */,
				AB0D287332F96A81DE52B274 /* Pods-FoundSounds.release.xcconfig */,
				82A115A536509165CD0587FC /* Pods-FoundSounds TV.debug.xcconfig */,
				2DE1B9C8003C970F33E2F7ED /* Pods-FoundSounds TV.release.xcconfig */,
				F5E76F02B6F342F4D4F20FF7 /* Pods-FoundSounds TVTests.debug.xcconfig */,
				612837542023A9184A3C90BC /* Pods-FoundSounds TVTests.release.xcconfig */,
				023817B0DB69CF3CC330B4D2 /* Pods-FoundSounds TVUITests.debug.xcconfig */,
				0CD29AF711AC843B8A74B67C /* Pods-FoundSounds TVUITests.release.xcconfig */,
				24F587573C9F35C3C558A81D /* Pods-FoundSounds Today View.debug.xcconfig */,
				8D9EB0466ED089B97831175A /* Pods-FoundSounds Today View.release.xcconfig */,
				61672E9733BF3CEA716AB4DA /* Pods-FoundSounds Watch.debug.xcconfig */,
				105F38B756B37E39AA2D072E /* Pods-FoundSounds Watch.release.xcconfig */,
				1EB8E8E4403967B754B9B182 /* Pods-FoundSounds Watch Extension.debug.xcconfig */,
				E3958EEC51B54039F7A5C3A5 /* Pods-FoundSounds Watch Extension.release.xcconfig */,
				EB390DEDD0BD694C1CC97E69 /* Pods-FoundSoundsTests.debug.xcconfig */,
				0126FCB2F7D980043B6A2BDE /* Pods-FoundSoundsTests.release.xcconfig */,
				150566367024E258799C9658 /* Pods-FoundSoundsUITests.debug.xcconfig */,
				5B24B5A6C871AA09D17872A5 /* Pods-FoundSoundsUITests.release.xcconfig */,
			);
			name = Pods;
			sourceTree = "<group>";
		};
		63A0CEB8218F7F9300013935 = {
			isa = PBXGroup;
			children = (
				63A0CEC3218F7F9300013935 /* FoundSounds */,
				63A0CEDA218F7F9400013935 /* FoundSoundsTests */,
				63A0CEE5218F7F9400013935 /* FoundSoundsUITests */,
				63A0CEF7218F7FAB00013935 /* FoundSounds Watch */,
				63A0CF06218F7FAC00013935 /* FoundSounds Watch Extension */,
				63A0CF23218F7FC500013935 /* FoundSounds TV */,
				63A0CF37218F7FC700013935 /* FoundSounds TVTests */,
				63A0CF42218F7FC700013935 /* FoundSounds TVUITests */,
				63A0CF57218F7FF300013935 /* FoundSounds Today View */,
				63A0CF54218F7FF300013935 /* Frameworks */,
				63A0CEC2218F7F9300013935 /* Products */,
				5156238941C8054D830CB65A /* Pods */,
			);
			sourceTree = "<group>";
		};
		63A0CEC2218F7F9300013935 /* Products */ = {
			isa = PBXGroup;
			children = (
				63A0CEC1218F7F9300013935 /* FoundSounds.app */,
				63A0CED7218F7F9400013935 /* FoundSoundsTests.xctest */,
				63A0CEE2218F7F9400013935 /* FoundSoundsUITests.xctest */,
				63A0CEF6218F7FAB00013935 /* FoundSounds Watch.app */,
				63A0CF02218F7FAC00013935 /* FoundSounds Watch Extension.appex */,
				63A0CF22218F7FC500013935 /* FoundSounds TV.app */,
				63A0CF34218F7FC700013935 /* FoundSounds TVTests.xctest */,
				63A0CF3F218F7FC700013935 /* FoundSounds TVUITests.xctest */,
				63A0CF53218F7FF300013935 /* FoundSounds Today View.appex */,
			);
			name = Products;
			sourceTree = "<group>";
		};
		63A0CEC3218F7F9300013935 /* FoundSounds */ = {
			isa = PBXGroup;
			children = (
				63A0CEC4218F7F9300013935 /* AppDelegate.swift */,
				63A0CEC6218F7F9300013935 /* FirstViewController.swift */,
				63A0CEC8218F7F9300013935 /* SecondViewController.swift */,
				63A0CECA218F7F9300013935 /* Main.storyboard */,
				63A0CECD218F7F9400013935 /* Assets.xcassets */,
				63A0CECF218F7F9400013935 /* LaunchScreen.storyboard */,
				63A0CED2218F7F9400013935 /* Info.plist */,
			);
			path = FoundSounds;
			sourceTree = "<group>";
		};
		63A0CEDA218F7F9400013935 /* FoundSoundsTests */ = {
			isa = PBXGroup;
			children = (
				63A0CEDB218F7F9400013935 /* FoundSoundsTests.swift */,
				63A0CEDD218F7F9400013935 /* Info.plist */,
			);
			path = FoundSoundsTests;
			sourceTree = "<group>";
		};
		63A0CEE5218F7F9400013935 /* FoundSoundsUITests */ = {
			isa = PBXGroup;
			children = (
				63A0CEE6218F7F9400013935 /* FoundSoundsUITests.swift */,
				63A0CEE8218F7F9400013935 /* Info.plist */,
			);
			path = FoundSoundsUITests;
			sourceTree = "<group>";
		};
		63A0CEF7218F7FAB00013935 /* FoundSounds Watch */ = {
			isa = PBXGroup;
			children = (
				63A0CEF8218F7FAB00013935 /* Interface.storyboard */,
				63A0CEFB218F7FAC00013935 /* Assets.xcassets */,
				63A0CEFD218F7FAC00013935 /* Info.plist */,
			);
			path = "FoundSounds Watch";
			sourceTree = "<group>";
		};
		63A0CF06218F7FAC00013935 /* FoundSounds Watch Extension */ = {
			isa = PBXGroup;
			children = (
				63A0CF07218F7FAC00013935 /* InterfaceController.swift */,
				63A0CF09218F7FAC00013935 /* ExtensionDelegate.swift */,
				63A0CF0B218F7FAC00013935 /* NotificationController.swift */,
				63A0CF0D218F7FAC00013935 /* ComplicationController.swift */,
				63A0CF0F218F7FAD00013935 /* Assets.xcassets */,
				63A0CF11218F7FAD00013935 /* Info.plist */,
				63A0CF12218F7FAD00013935 /* PushNotificationPayload.apns */,
			);
			path = "FoundSounds Watch Extension";
			sourceTree = "<group>";
		};
		63A0CF23218F7FC500013935 /* FoundSounds TV */ = {
			isa = PBXGroup;
			children = (
				63A0CF24218F7FC500013935 /* AppDelegate.swift */,
				63A0CF26218F7FC500013935 /* FirstViewController.swift */,
				63A0CF28218F7FC500013935 /* SecondViewController.swift */,
				63A0CF2A218F7FC500013935 /* Main.storyboard */,
				63A0CF2D218F7FC700013935 /* Assets.xcassets */,
				63A0CF2F218F7FC700013935 /* Info.plist */,
			);
			path = "FoundSounds TV";
			sourceTree = "<group>";
		};
		63A0CF37218F7FC700013935 /* FoundSounds TVTests */ = {
			isa = PBXGroup;
			children = (
				63A0CF38218F7FC700013935 /* FoundSounds_TVTests.swift */,
				63A0CF3A218F7FC700013935 /* Info.plist */,
			);
			path = "FoundSounds TVTests";
			sourceTree = "<group>";
		};
		63A0CF42218F7FC700013935 /* FoundSounds TVUITests */ = {
			isa = PBXGroup;
			children = (
				63A0CF43218F7FC700013935 /* FoundSounds_TVUITests.swift */,
				63A0CF45218F7FC700013935 /* Info.plist */,
			);
			path = "FoundSounds TVUITests";
			sourceTree = "<group>";
		};
		63A0CF54218F7FF300013935 /* Frameworks */ = {
			isa = PBXGroup;
			children = (
				63A0CF55218F7FF300013935 /* NotificationCenter.framework */,
				3105CAB5912EFD78610807AF /* Pods_FoundSounds.framework */,
				3ED13684F29E0867FF6E69C4 /* Pods_FoundSounds_TV.framework */,
				BC45B757681ABD9BF724ADD4 /* Pods_FoundSounds_TVTests.framework */,
				96E77624F400BDFB8BFFB12B /* Pods_FoundSounds_TVUITests.framework */,
				CB3637C4F8695BE436F32B83 /* Pods_FoundSounds_Today_View.framework */,
				7729E1B239A77E0028702A3E /* Pods_FoundSounds_Watch.framework */,
				BB5FBC9FDE74DD67615B97CE /* Pods_FoundSounds_Watch_Extension.framework */,
				1108787C7050AAC92462E608 /* Pods_FoundSoundsTests.framework */,
				C3543FA1D2A3C933F2A677F4 /* Pods_FoundSoundsUITests.framework */,
			);
			name = Frameworks;
			sourceTree = "<group>";
		};
		63A0CF57218F7FF300013935 /* FoundSounds Today View */ = {
			isa = PBXGroup;
			children = (
				63A0CF58218F7FF300013935 /* TodayViewController.swift */,
				63A0CF5A218F7FF300013935 /* MainInterface.storyboard */,
				63A0CF5D218F7FF300013935 /* Info.plist */,
			);
			path = "FoundSounds Today View";
			sourceTree = "<group>";
		};
/* End PBXGroup section */

/* Begin PBXNativeTarget section */
		63A0CEC0218F7F9300013935 /* FoundSounds */ = {
			isa = PBXNativeTarget;
			buildConfigurationList = 63A0CEEB218F7F9400013935 /* Build configuration list for PBXNativeTarget "FoundSounds" */;
			buildPhases = (
				B30AE02E6235062C9307EE8B /* [CP] Check Pods Manifest.lock */,
				63A0CEBD218F7F9300013935 /* Sources */,
				63A0CEBE218F7F9300013935 /* Frameworks */,
				63A0CEBF218F7F9300013935 /* Resources */,
				63A0CF1D218F7FAD00013935 /* Embed Watch Content */,
				63A0CF64218F7FF300013935 /* Embed App Extensions */,
				1FD92DFEA12D4CFD3FD4B261 /* [CP] Embed Pods Frameworks */,
				63C37BA4218F88D300DBC951 /* ShellScript */,
			);
			buildRules = (
			);
			dependencies = (
				63A0CF14218F7FAD00013935 /* PBXTargetDependency */,
				63A0CF5F218F7FF300013935 /* PBXTargetDependency */,
			);
			name = FoundSounds;
			productName = FoundSounds;
			productReference = 63A0CEC1218F7F9300013935 /* FoundSounds.app */;
			productType = "com.apple.product-type.application";
		};
		63A0CED6218F7F9400013935 /* FoundSoundsTests */ = {
			isa = PBXNativeTarget;
			buildConfigurationList = 63A0CEEE218F7F9400013935 /* Build configuration list for PBXNativeTarget "FoundSoundsTests" */;
			buildPhases = (
				EAD384490C8A188826F22DE6 /* [CP] Check Pods Manifest.lock */,
				63A0CED3218F7F9400013935 /* Sources */,
				63A0CED4218F7F9400013935 /* Frameworks */,
				63A0CED5218F7F9400013935 /* Resources */,
			);
			buildRules = (
			);
			dependencies = (
				63A0CED9218F7F9400013935 /* PBXTargetDependency */,
			);
			name = FoundSoundsTests;
			productName = FoundSoundsTests;
			productReference = 63A0CED7218F7F9400013935 /* FoundSoundsTests.xctest */;
			productType = "com.apple.product-type.bundle.unit-test";
		};
		63A0CEE1218F7F9400013935 /* FoundSoundsUITests */ = {
			isa = PBXNativeTarget;
			buildConfigurationList = 63A0CEF1218F7F9400013935 /* Build configuration list for PBXNativeTarget "FoundSoundsUITests" */;
			buildPhases = (
				3D8A58C6ADA3C35A5D30DED2 /* [CP] Check Pods Manifest.lock */,
				63A0CEDE218F7F9400013935 /* Sources */,
				63A0CEDF218F7F9400013935 /* Frameworks */,
				63A0CEE0218F7F9400013935 /* Resources */,
			);
			buildRules = (
			);
			dependencies = (
				63A0CEE4218F7F9400013935 /* PBXTargetDependency */,
			);
			name = FoundSoundsUITests;
			productName = FoundSoundsUITests;
			productReference = 63A0CEE2218F7F9400013935 /* FoundSoundsUITests.xctest */;
			productType = "com.apple.product-type.bundle.ui-testing";
		};
		63A0CEF5218F7FAB00013935 /* FoundSounds Watch */ = {
			isa = PBXNativeTarget;
			buildConfigurationList = 63A0CF1A218F7FAD00013935 /* Build configuration list for PBXNativeTarget "FoundSounds Watch" */;
			buildPhases = (
				C17F12977082AF5978FFDF52 /* [CP] Check Pods Manifest.lock */,
				63A0CEF4218F7FAB00013935 /* Resources */,
				63A0CF19218F7FAD00013935 /* Embed App Extensions */,
				9581E11ECDC7CEDA2A29423A /* Frameworks */,
			);
			buildRules = (
			);
			dependencies = (
				63A0CF05218F7FAC00013935 /* PBXTargetDependency */,
			);
			name = "FoundSounds Watch";
			productName = "FoundSounds Watch";
			productReference = 63A0CEF6218F7FAB00013935 /* FoundSounds Watch.app */;
			productType = "com.apple.product-type.application.watchapp2";
		};
		63A0CF01218F7FAC00013935 /* FoundSounds Watch Extension */ = {
			isa = PBXNativeTarget;
			buildConfigurationList = 63A0CF16218F7FAD00013935 /* Build configuration list for PBXNativeTarget "FoundSounds Watch Extension" */;
			buildPhases = (
				959888CCBC2B0906FA20EAFB /* [CP] Check Pods Manifest.lock */,
				63A0CEFE218F7FAC00013935 /* Sources */,
				63A0CEFF218F7FAC00013935 /* Frameworks */,
				63A0CF00218F7FAC00013935 /* Resources */,
				677DC65C8638B3A195277155 /* [CP] Embed Pods Frameworks */,
			);
			buildRules = (
			);
			dependencies = (
			);
			name = "FoundSounds Watch Extension";
			productName = "FoundSounds Watch Extension";
			productReference = 63A0CF02218F7FAC00013935 /* FoundSounds Watch Extension.appex */;
			productType = "com.apple.product-type.watchkit2-extension";
		};
		63A0CF21218F7FC500013935 /* FoundSounds TV */ = {
			isa = PBXNativeTarget;
			buildConfigurationList = 63A0CF46218F7FC700013935 /* Build configuration list for PBXNativeTarget "FoundSounds TV" */;
			buildPhases = (
				709B4F9FE2701D7BE4692704 /* [CP] Check Pods Manifest.lock */,
				63A0CF1E218F7FC500013935 /* Sources */,
				63A0CF1F218F7FC500013935 /* Frameworks */,
				63A0CF20218F7FC500013935 /* Resources */,
				44C9DC9FDE79C4E3FD64C4D3 /* [CP] Embed Pods Frameworks */,
			);
			buildRules = (
			);
			dependencies = (
			);
			name = "FoundSounds TV";
			productName = "FoundSounds TV";
			productReference = 63A0CF22218F7FC500013935 /* FoundSounds TV.app */;
			productType = "com.apple.product-type.application";
		};
		63A0CF33218F7FC700013935 /* FoundSounds TVTests */ = {
			isa = PBXNativeTarget;
			buildConfigurationList = 63A0CF49218F7FC700013935 /* Build configuration list for PBXNativeTarget "FoundSounds TVTests" */;
			buildPhases = (
				FB931AD052B6FE354824CEEC /* [CP] Check Pods Manifest.lock */,
				63A0CF30218F7FC700013935 /* Sources */,
				63A0CF31218F7FC700013935 /* Frameworks */,
				63A0CF32218F7FC700013935 /* Resources */,
			);
			buildRules = (
			);
			dependencies = (
				63A0CF36218F7FC700013935 /* PBXTargetDependency */,
			);
			name = "FoundSounds TVTests";
			productName = "FoundSounds TVTests";
			productReference = 63A0CF34218F7FC700013935 /* FoundSounds TVTests.xctest */;
			productType = "com.apple.product-type.bundle.unit-test";
		};
		63A0CF3E218F7FC700013935 /* FoundSounds TVUITests */ = {
			isa = PBXNativeTarget;
			buildConfigurationList = 63A0CF4C218F7FC700013935 /* Build configuration list for PBXNativeTarget "FoundSounds TVUITests" */;
			buildPhases = (
				E9B793C8D8C4E90E3BE92ECE /* [CP] Check Pods Manifest.lock */,
				63A0CF3B218F7FC700013935 /* Sources */,
				63A0CF3C218F7FC700013935 /* Frameworks */,
				63A0CF3D218F7FC700013935 /* Resources */,
			);
			buildRules = (
			);
			dependencies = (
				63A0CF41218F7FC700013935 /* PBXTargetDependency */,
			);
			name = "FoundSounds TVUITests";
			productName = "FoundSounds TVUITests";
			productReference = 63A0CF3F218F7FC700013935 /* FoundSounds TVUITests.xctest */;
			productType = "com.apple.product-type.bundle.ui-testing";
		};
		63A0CF52218F7FF300013935 /* FoundSounds Today View */ = {
			isa = PBXNativeTarget;
			buildConfigurationList = 63A0CF61218F7FF300013935 /* Build configuration list for PBXNativeTarget "FoundSounds Today View" */;
			buildPhases = (
				2FD49973EE28B8DD6A502F92 /* [CP] Check Pods Manifest.lock */,
				63A0CF4F218F7FF300013935 /* Sources */,
				63A0CF50218F7FF300013935 /* Frameworks */,
				63A0CF51218F7FF300013935 /* Resources */,
			);
			buildRules = (
			);
			dependencies = (
			);
			name = "FoundSounds Today View";
			productName = "FoundSounds Today View";
			productReference = 63A0CF53218F7FF300013935 /* FoundSounds Today View.appex */;
			productType = "com.apple.product-type.app-extension";
		};
/* End PBXNativeTarget section */

/* Begin PBXProject section */
		63A0CEB9218F7F9300013935 /* Project object */ = {
			isa = PBXProject;
			attributes = {
				LastSwiftUpdateCheck = 1010;
				LastUpgradeCheck = 1010;
				ORGANIZATIONNAME = "David Jensenius";
				TargetAttributes = {
					63A0CEC0218F7F9300013935 = {
						CreatedOnToolsVersion = 10.1;
					};
					63A0CED6218F7F9400013935 = {
						CreatedOnToolsVersion = 10.1;
						TestTargetID = 63A0CEC0218F7F9300013935;
					};
					63A0CEE1218F7F9400013935 = {
						CreatedOnToolsVersion = 10.1;
						TestTargetID = 63A0CEC0218F7F9300013935;
					};
					63A0CEF5218F7FAB00013935 = {
						CreatedOnToolsVersion = 10.1;
					};
					63A0CF01218F7FAC00013935 = {
						CreatedOnToolsVersion = 10.1;
					};
					63A0CF21218F7FC500013935 = {
						CreatedOnToolsVersion = 10.1;
					};
					63A0CF33218F7FC700013935 = {
						CreatedOnToolsVersion = 10.1;
						TestTargetID = 63A0CF21218F7FC500013935;
					};
					63A0CF3E218F7FC700013935 = {
						CreatedOnToolsVersion = 10.1;
						TestTargetID = 63A0CF21218F7FC500013935;
					};
					63A0CF52218F7FF300013935 = {
						CreatedOnToolsVersion = 10.1;
					};
				};
			};
			buildConfigurationList = 63A0CEBC218F7F9300013935 /* Build configuration list for PBXProject "FoundSounds" */;
			compatibilityVersion = "Xcode 9.3";
			developmentRegion = en;
			hasScannedForEncodings = 0;
			knownRegions = (
				en,
				Base,
			);
			mainGroup = 63A0CEB8218F7F9300013935;
			productRefGroup = 63A0CEC2218F7F9300013935 /* Products */;
			projectDirPath = "";
			projectRoot = "";
			targets = (
				63A0CEC0218F7F9300013935 /* FoundSounds */,
				63A0CED6218F7F9400013935 /* FoundSoundsTests */,
				63A0CEE1218F7F9400013935 /* FoundSoundsUITests */,
				63A0CEF5218F7FAB00013935 /* FoundSounds Watch */,
				63A0CF01218F7FAC00013935 /* FoundSounds Watch Extension */,
				63A0CF21218F7FC500013935 /* FoundSounds TV */,
				63A0CF33218F7FC700013935 /* FoundSounds TVTests */,
				63A0CF3E218F7FC700013935 /* FoundSounds TVUITests */,
				63A0CF52218F7FF300013935 /* FoundSounds Today View */,
			);
		};
/* End PBXProject section */

/* Begin PBXResourcesBuildPhase section */
		63A0CEBF218F7F9300013935 /* Resources */ = {
			isa = PBXResourcesBuildPhase;
			buildActionMask = 2147483647;
			files = (
				63A0CED1218F7F9400013935 /* LaunchScreen.storyboard in Resources */,
				63A0CECE218F7F9400013935 /* Assets.xcassets in Resources */,
				63A0CECC218F7F9300013935 /* Main.storyboard in Resources */,
			);
			runOnlyForDeploymentPostprocessing = 0;
		};
		63A0CED5218F7F9400013935 /* Resources */ = {
			isa = PBXResourcesBuildPhase;
			buildActionMask = 2147483647;
			files = (
			);
			runOnlyForDeploymentPostprocessing = 0;
		};
		63A0CEE0218F7F9400013935 /* Resources */ = {
			isa = PBXResourcesBuildPhase;
			buildActionMask = 2147483647;
			files = (
			);
			runOnlyForDeploymentPostprocessing = 0;
		};
		63A0CEF4218F7FAB00013935 /* Resources */ = {
			isa = PBXResourcesBuildPhase;
			buildActionMask = 2147483647;
			files = (
				63A0CEFC218F7FAC00013935 /* Assets.xcassets in Resources */,
				63A0CEFA218F7FAB00013935 /* Interface.storyboard in Resources */,
			);
			runOnlyForDeploymentPostprocessing = 0;
		};
		63A0CF00218F7FAC00013935 /* Resources */ = {
			isa = PBXResourcesBuildPhase;
			buildActionMask = 2147483647;
			files = (
				63A0CF10218F7FAD00013935 /* Assets.xcassets in Resources */,
			);
			runOnlyForDeploymentPostprocessing = 0;
		};
		63A0CF20218F7FC500013935 /* Resources */ = {
			isa = PBXResourcesBuildPhase;
			buildActionMask = 2147483647;
			files = (
				63A0CF2E218F7FC700013935 /* Assets.xcassets in Resources */,
				63A0CF2C218F7FC500013935 /* Main.storyboard in Resources */,
			);
			runOnlyForDeploymentPostprocessing = 0;
		};
		63A0CF32218F7FC700013935 /* Resources */ = {
			isa = PBXResourcesBuildPhase;
			buildActionMask = 2147483647;
			files = (
			);
			runOnlyForDeploymentPostprocessing = 0;
		};
		63A0CF3D218F7FC700013935 /* Resources */ = {
			isa = PBXResourcesBuildPhase;
			buildActionMask = 2147483647;
			files = (
			);
			runOnlyForDeploymentPostprocessing = 0;
		};
		63A0CF51218F7FF300013935 /* Resources */ = {
			isa = PBXResourcesBuildPhase;
			buildActionMask = 2147483647;
			files = (
				63A0CF5C218F7FF300013935 /* MainInterface.storyboard in Resources */,
			);
			runOnlyForDeploymentPostprocessing = 0;
		};
/* End PBXResourcesBuildPhase section */

/* Begin PBXShellScriptBuildPhase section */
		1FD92DFEA12D4CFD3FD4B261 /* [CP] Embed Pods Frameworks */ = {
			isa = PBXShellScriptBuildPhase;
			buildActionMask = 2147483647;
			files = (
			);
			inputFileListPaths = (
			);
			inputPaths = (
				"${SRCROOT}/Pods/Target Support Files/Pods-FoundSounds/Pods-FoundSounds-frameworks.sh",
				"${BUILT_PRODUCTS_DIR}/Alamofire-iOS/Alamofire.framework",
				"${BUILT_PRODUCTS_DIR}/DeviceGuru-iOS/DeviceGuru.framework",
				"${BUILT_PRODUCTS_DIR}/KMPlaceholderTextView/KMPlaceholderTextView.framework",
				"${BUILT_PRODUCTS_DIR}/KeychainSwift-iOS/KeychainSwift.framework",
				"${BUILT_PRODUCTS_DIR}/ReachabilitySwift-iOS/Reachability.framework",
			);
			name = "[CP] Embed Pods Frameworks";
			outputFileListPaths = (
			);
			outputPaths = (
				"${TARGET_BUILD_DIR}/${FRAMEWORKS_FOLDER_PATH}/Alamofire.framework",
				"${TARGET_BUILD_DIR}/${FRAMEWORKS_FOLDER_PATH}/DeviceGuru.framework",
				"${TARGET_BUILD_DIR}/${FRAMEWORKS_FOLDER_PATH}/KMPlaceholderTextView.framework",
				"${TARGET_BUILD_DIR}/${FRAMEWORKS_FOLDER_PATH}/KeychainSwift.framework",
				"${TARGET_BUILD_DIR}/${FRAMEWORKS_FOLDER_PATH}/Reachability.framework",
			);
			runOnlyForDeploymentPostprocessing = 0;
			shellPath = /bin/sh;
			shellScript = "\"${SRCROOT}/Pods/Target Support Files/Pods-FoundSounds/Pods-FoundSounds-frameworks.sh\"\n";
			showEnvVarsInLog = 0;
		};
		2FD49973EE28B8DD6A502F92 /* [CP] Check Pods Manifest.lock */ = {
			isa = PBXShellScriptBuildPhase;
			buildActionMask = 2147483647;
			files = (
			);
			inputFileListPaths = (
			);
			inputPaths = (
				"${PODS_PODFILE_DIR_PATH}/Podfile.lock",
				"${PODS_ROOT}/Manifest.lock",
			);
			name = "[CP] Check Pods Manifest.lock";
			outputFileListPaths = (
			);
			outputPaths = (
				"$(DERIVED_FILE_DIR)/Pods-FoundSounds Today View-checkManifestLockResult.txt",
			);
			runOnlyForDeploymentPostprocessing = 0;
			shellPath = /bin/sh;
			shellScript = "diff \"${PODS_PODFILE_DIR_PATH}/Podfile.lock\" \"${PODS_ROOT}/Manifest.lock\" > /dev/null\nif [ $? != 0 ] ; then\n    # print error to STDERR\n    echo \"error: The sandbox is not in sync with the Podfile.lock. Run 'pod install' or update your CocoaPods installation.\" >&2\n    exit 1\nfi\n# This output is used by Xcode 'outputs' to avoid re-running this script phase.\necho \"SUCCESS\" > \"${SCRIPT_OUTPUT_FILE_0}\"\n";
			showEnvVarsInLog = 0;
		};
		3D8A58C6ADA3C35A5D30DED2 /* [CP] Check Pods Manifest.lock */ = {
			isa = PBXShellScriptBuildPhase;
			buildActionMask = 2147483647;
			files = (
			);
			inputFileListPaths = (
			);
			inputPaths = (
				"${PODS_PODFILE_DIR_PATH}/Podfile.lock",
				"${PODS_ROOT}/Manifest.lock",
			);
			name = "[CP] Check Pods Manifest.lock";
			outputFileListPaths = (
			);
			outputPaths = (
				"$(DERIVED_FILE_DIR)/Pods-FoundSoundsUITests-checkManifestLockResult.txt",
			);
			runOnlyForDeploymentPostprocessing = 0;
			shellPath = /bin/sh;
			shellScript = "diff \"${PODS_PODFILE_DIR_PATH}/Podfile.lock\" \"${PODS_ROOT}/Manifest.lock\" > /dev/null\nif [ $? != 0 ] ; then\n    # print error to STDERR\n    echo \"error: The sandbox is not in sync with the Podfile.lock. Run 'pod install' or update your CocoaPods installation.\" >&2\n    exit 1\nfi\n# This output is used by Xcode 'outputs' to avoid re-running this script phase.\necho \"SUCCESS\" > \"${SCRIPT_OUTPUT_FILE_0}\"\n";
			showEnvVarsInLog = 0;
		};
		44C9DC9FDE79C4E3FD64C4D3 /* [CP] Embed Pods Frameworks */ = {
			isa = PBXShellScriptBuildPhase;
			buildActionMask = 2147483647;
			files = (
			);
			inputFileListPaths = (
			);
			inputPaths = (
				"${SRCROOT}/Pods/Target Support Files/Pods-FoundSounds TV/Pods-FoundSounds TV-frameworks.sh",
				"${BUILT_PRODUCTS_DIR}/Alamofire-tvOS/Alamofire.framework",
				"${BUILT_PRODUCTS_DIR}/DeviceGuru-tvOS/DeviceGuru.framework",
				"${BUILT_PRODUCTS_DIR}/ReachabilitySwift-tvOS/Reachability.framework",
			);
			name = "[CP] Embed Pods Frameworks";
			outputFileListPaths = (
			);
			outputPaths = (
				"${TARGET_BUILD_DIR}/${FRAMEWORKS_FOLDER_PATH}/Alamofire.framework",
				"${TARGET_BUILD_DIR}/${FRAMEWORKS_FOLDER_PATH}/DeviceGuru.framework",
				"${TARGET_BUILD_DIR}/${FRAMEWORKS_FOLDER_PATH}/Reachability.framework",
			);
			runOnlyForDeploymentPostprocessing = 0;
			shellPath = /bin/sh;
			shellScript = "\"${SRCROOT}/Pods/Target Support Files/Pods-FoundSounds TV/Pods-FoundSounds TV-frameworks.sh\"\n";
			showEnvVarsInLog = 0;
		};
		63C37BA4218F88D300DBC951 /* ShellScript */ = {
			isa = PBXShellScriptBuildPhase;
			buildActionMask = 2147483647;
			files = (
			);
			inputFileListPaths = (
			);
			inputPaths = (
			);
			outputFileListPaths = (
			);
			outputPaths = (
			);
			runOnlyForDeploymentPostprocessing = 0;
			shellPath = /bin/sh;
			shellScript = "# Type a script or drag a script file from your workspace to insert its path.\n\"${PODS_ROOT}/SwiftLint/swiftlint\"\n";
		};
		677DC65C8638B3A195277155 /* [CP] Embed Pods Frameworks */ = {
			isa = PBXShellScriptBuildPhase;
			buildActionMask = 2147483647;
			files = (
			);
			inputFileListPaths = (
			);
			inputPaths = (
				"${SRCROOT}/Pods/Target Support Files/Pods-FoundSounds Watch Extension/Pods-FoundSounds Watch Extension-frameworks.sh",
				"${BUILT_PRODUCTS_DIR}/Alamofire-watchOS/Alamofire.framework",
				"${BUILT_PRODUCTS_DIR}/DeviceGuru-watchOS/DeviceGuru.framework",
				"${BUILT_PRODUCTS_DIR}/KeychainSwift-watchOS/KeychainSwift.framework",
			);
			name = "[CP] Embed Pods Frameworks";
			outputFileListPaths = (
			);
			outputPaths = (
				"${TARGET_BUILD_DIR}/${FRAMEWORKS_FOLDER_PATH}/Alamofire.framework",
				"${TARGET_BUILD_DIR}/${FRAMEWORKS_FOLDER_PATH}/DeviceGuru.framework",
				"${TARGET_BUILD_DIR}/${FRAMEWORKS_FOLDER_PATH}/KeychainSwift.framework",
			);
			runOnlyForDeploymentPostprocessing = 0;
			shellPath = /bin/sh;
			shellScript = "\"${SRCROOT}/Pods/Target Support Files/Pods-FoundSounds Watch Extension/Pods-FoundSounds Watch Extension-frameworks.sh\"\n";
			showEnvVarsInLog = 0;
		};
		709B4F9FE2701D7BE4692704 /* [CP] Check Pods Manifest.lock */ = {
			isa = PBXShellScriptBuildPhase;
			buildActionMask = 2147483647;
			files = (
			);
			inputFileListPaths = (
			);
			inputPaths = (
				"${PODS_PODFILE_DIR_PATH}/Podfile.lock",
				"${PODS_ROOT}/Manifest.lock",
			);
			name = "[CP] Check Pods Manifest.lock";
			outputFileListPaths = (
			);
			outputPaths = (
				"$(DERIVED_FILE_DIR)/Pods-FoundSounds TV-checkManifestLockResult.txt",
			);
			runOnlyForDeploymentPostprocessing = 0;
			shellPath = /bin/sh;
			shellScript = "diff \"${PODS_PODFILE_DIR_PATH}/Podfile.lock\" \"${PODS_ROOT}/Manifest.lock\" > /dev/null\nif [ $? != 0 ] ; then\n    # print error to STDERR\n    echo \"error: The sandbox is not in sync with the Podfile.lock. Run 'pod install' or update your CocoaPods installation.\" >&2\n    exit 1\nfi\n# This output is used by Xcode 'outputs' to avoid re-running this script phase.\necho \"SUCCESS\" > \"${SCRIPT_OUTPUT_FILE_0}\"\n";
			showEnvVarsInLog = 0;
		};
		959888CCBC2B0906FA20EAFB /* [CP] Check Pods Manifest.lock */ = {
			isa = PBXShellScriptBuildPhase;
			buildActionMask = 2147483647;
			files = (
			);
			inputFileListPaths = (
			);
			inputPaths = (
				"${PODS_PODFILE_DIR_PATH}/Podfile.lock",
				"${PODS_ROOT}/Manifest.lock",
			);
			name = "[CP] Check Pods Manifest.lock";
			outputFileListPaths = (
			);
			outputPaths = (
				"$(DERIVED_FILE_DIR)/Pods-FoundSounds Watch Extension-checkManifestLockResult.txt",
			);
			runOnlyForDeploymentPostprocessing = 0;
			shellPath = /bin/sh;
			shellScript = "diff \"${PODS_PODFILE_DIR_PATH}/Podfile.lock\" \"${PODS_ROOT}/Manifest.lock\" > /dev/null\nif [ $? != 0 ] ; then\n    # print error to STDERR\n    echo \"error: The sandbox is not in sync with the Podfile.lock. Run 'pod install' or update your CocoaPods installation.\" >&2\n    exit 1\nfi\n# This output is used by Xcode 'outputs' to avoid re-running this script phase.\necho \"SUCCESS\" > \"${SCRIPT_OUTPUT_FILE_0}\"\n";
			showEnvVarsInLog = 0;
		};
		B30AE02E6235062C9307EE8B /* [CP] Check Pods Manifest.lock */ = {
			isa = PBXShellScriptBuildPhase;
			buildActionMask = 2147483647;
			files = (
			);
			inputFileListPaths = (
			);
			inputPaths = (
				"${PODS_PODFILE_DIR_PATH}/Podfile.lock",
				"${PODS_ROOT}/Manifest.lock",
			);
			name = "[CP] Check Pods Manifest.lock";
			outputFileListPaths = (
			);
			outputPaths = (
				"$(DERIVED_FILE_DIR)/Pods-FoundSounds-checkManifestLockResult.txt",
			);
			runOnlyForDeploymentPostprocessing = 0;
			shellPath = /bin/sh;
			shellScript = "diff \"${PODS_PODFILE_DIR_PATH}/Podfile.lock\" \"${PODS_ROOT}/Manifest.lock\" > /dev/null\nif [ $? != 0 ] ; then\n    # print error to STDERR\n    echo \"error: The sandbox is not in sync with the Podfile.lock. Run 'pod install' or update your CocoaPods installation.\" >&2\n    exit 1\nfi\n# This output is used by Xcode 'outputs' to avoid re-running this script phase.\necho \"SUCCESS\" > \"${SCRIPT_OUTPUT_FILE_0}\"\n";
			showEnvVarsInLog = 0;
		};
		C17F12977082AF5978FFDF52 /* [CP] Check Pods Manifest.lock */ = {
			isa = PBXShellScriptBuildPhase;
			buildActionMask = 2147483647;
			files = (
			);
			inputFileListPaths = (
			);
			inputPaths = (
				"${PODS_PODFILE_DIR_PATH}/Podfile.lock",
				"${PODS_ROOT}/Manifest.lock",
			);
			name = "[CP] Check Pods Manifest.lock";
			outputFileListPaths = (
			);
			outputPaths = (
				"$(DERIVED_FILE_DIR)/Pods-FoundSounds Watch-checkManifestLockResult.txt",
			);
			runOnlyForDeploymentPostprocessing = 0;
			shellPath = /bin/sh;
			shellScript = "diff \"${PODS_PODFILE_DIR_PATH}/Podfile.lock\" \"${PODS_ROOT}/Manifest.lock\" > /dev/null\nif [ $? != 0 ] ; then\n    # print error to STDERR\n    echo \"error: The sandbox is not in sync with the Podfile.lock. Run 'pod install' or update your CocoaPods installation.\" >&2\n    exit 1\nfi\n# This output is used by Xcode 'outputs' to avoid re-running this script phase.\necho \"SUCCESS\" > \"${SCRIPT_OUTPUT_FILE_0}\"\n";
			showEnvVarsInLog = 0;
		};
		E9B793C8D8C4E90E3BE92ECE /* [CP] Check Pods Manifest.lock */ = {
			isa = PBXShellScriptBuildPhase;
			buildActionMask = 2147483647;
			files = (
			);
			inputFileListPaths = (
			);
			inputPaths = (
				"${PODS_PODFILE_DIR_PATH}/Podfile.lock",
				"${PODS_ROOT}/Manifest.lock",
			);
			name = "[CP] Check Pods Manifest.lock";
			outputFileListPaths = (
			);
			outputPaths = (
				"$(DERIVED_FILE_DIR)/Pods-FoundSounds TVUITests-checkManifestLockResult.txt",
			);
			runOnlyForDeploymentPostprocessing = 0;
			shellPath = /bin/sh;
			shellScript = "diff \"${PODS_PODFILE_DIR_PATH}/Podfile.lock\" \"${PODS_ROOT}/Manifest.lock\" > /dev/null\nif [ $? != 0 ] ; then\n    # print error to STDERR\n    echo \"error: The sandbox is not in sync with the Podfile.lock. Run 'pod install' or update your CocoaPods installation.\" >&2\n    exit 1\nfi\n# This output is used by Xcode 'outputs' to avoid re-running this script phase.\necho \"SUCCESS\" > \"${SCRIPT_OUTPUT_FILE_0}\"\n";
			showEnvVarsInLog = 0;
		};
		EAD384490C8A188826F22DE6 /* [CP] Check Pods Manifest.lock */ = {
			isa = PBXShellScriptBuildPhase;
			buildActionMask = 2147483647;
			files = (
			);
			inputFileListPaths = (
			);
			inputPaths = (
				"${PODS_PODFILE_DIR_PATH}/Podfile.lock",
				"${PODS_ROOT}/Manifest.lock",
			);
			name = "[CP] Check Pods Manifest.lock";
			outputFileListPaths = (
			);
			outputPaths = (
				"$(DERIVED_FILE_DIR)/Pods-FoundSoundsTests-checkManifestLockResult.txt",
			);
			runOnlyForDeploymentPostprocessing = 0;
			shellPath = /bin/sh;
			shellScript = "diff \"${PODS_PODFILE_DIR_PATH}/Podfile.lock\" \"${PODS_ROOT}/Manifest.lock\" > /dev/null\nif [ $? != 0 ] ; then\n    # print error to STDERR\n    echo \"error: The sandbox is not in sync with the Podfile.lock. Run 'pod install' or update your CocoaPods installation.\" >&2\n    exit 1\nfi\n# This output is used by Xcode 'outputs' to avoid re-running this script phase.\necho \"SUCCESS\" > \"${SCRIPT_OUTPUT_FILE_0}\"\n";
			showEnvVarsInLog = 0;
		};
		FB931AD052B6FE354824CEEC /* [CP] Check Pods Manifest.lock */ = {
			isa = PBXShellScriptBuildPhase;
			buildActionMask = 2147483647;
			files = (
			);
			inputFileListPaths = (
			);
			inputPaths = (
				"${PODS_PODFILE_DIR_PATH}/Podfile.lock",
				"${PODS_ROOT}/Manifest.lock",
			);
			name = "[CP] Check Pods Manifest.lock";
			outputFileListPaths = (
			);
			outputPaths = (
				"$(DERIVED_FILE_DIR)/Pods-FoundSounds TVTests-checkManifestLockResult.txt",
			);
			runOnlyForDeploymentPostprocessing = 0;
			shellPath = /bin/sh;
			shellScript = "diff \"${PODS_PODFILE_DIR_PATH}/Podfile.lock\" \"${PODS_ROOT}/Manifest.lock\" > /dev/null\nif [ $? != 0 ] ; then\n    # print error to STDERR\n    echo \"error: The sandbox is not in sync with the Podfile.lock. Run 'pod install' or update your CocoaPods installation.\" >&2\n    exit 1\nfi\n# This output is used by Xcode 'outputs' to avoid re-running this script phase.\necho \"SUCCESS\" > \"${SCRIPT_OUTPUT_FILE_0}\"\n";
			showEnvVarsInLog = 0;
		};
/* End PBXShellScriptBuildPhase section */

/* Begin PBXSourcesBuildPhase section */
		63A0CEBD218F7F9300013935 /* Sources */ = {
			isa = PBXSourcesBuildPhase;
			buildActionMask = 2147483647;
			files = (
				63A0CEC9218F7F9300013935 /* SecondViewController.swift in Sources */,
				63A0CEC5218F7F9300013935 /* AppDelegate.swift in Sources */,
				63A0CEC7218F7F9300013935 /* FirstViewController.swift in Sources */,
			);
			runOnlyForDeploymentPostprocessing = 0;
		};
		63A0CED3218F7F9400013935 /* Sources */ = {
			isa = PBXSourcesBuildPhase;
			buildActionMask = 2147483647;
			files = (
				63A0CEDC218F7F9400013935 /* FoundSoundsTests.swift in Sources */,
			);
			runOnlyForDeploymentPostprocessing = 0;
		};
		63A0CEDE218F7F9400013935 /* Sources */ = {
			isa = PBXSourcesBuildPhase;
			buildActionMask = 2147483647;
			files = (
				63A0CEE7218F7F9400013935 /* FoundSoundsUITests.swift in Sources */,
			);
			runOnlyForDeploymentPostprocessing = 0;
		};
		63A0CEFE218F7FAC00013935 /* Sources */ = {
			isa = PBXSourcesBuildPhase;
			buildActionMask = 2147483647;
			files = (
				63A0CF0C218F7FAC00013935 /* NotificationController.swift in Sources */,
				63A0CF0E218F7FAC00013935 /* ComplicationController.swift in Sources */,
				63A0CF0A218F7FAC00013935 /* ExtensionDelegate.swift in Sources */,
				63A0CF08218F7FAC00013935 /* InterfaceController.swift in Sources */,
			);
			runOnlyForDeploymentPostprocessing = 0;
		};
		63A0CF1E218F7FC500013935 /* Sources */ = {
			isa = PBXSourcesBuildPhase;
			buildActionMask = 2147483647;
			files = (
				63A0CF29218F7FC500013935 /* SecondViewController.swift in Sources */,
				63A0CF25218F7FC500013935 /* AppDelegate.swift in Sources */,
				63A0CF27218F7FC500013935 /* FirstViewController.swift in Sources */,
			);
			runOnlyForDeploymentPostprocessing = 0;
		};
		63A0CF30218F7FC700013935 /* Sources */ = {
			isa = PBXSourcesBuildPhase;
			buildActionMask = 2147483647;
			files = (
				63A0CF39218F7FC700013935 /* FoundSounds_TVTests.swift in Sources */,
			);
			runOnlyForDeploymentPostprocessing = 0;
		};
		63A0CF3B218F7FC700013935 /* Sources */ = {
			isa = PBXSourcesBuildPhase;
			buildActionMask = 2147483647;
			files = (
				63A0CF44218F7FC700013935 /* FoundSounds_TVUITests.swift in Sources */,
			);
			runOnlyForDeploymentPostprocessing = 0;
		};
		63A0CF4F218F7FF300013935 /* Sources */ = {
			isa = PBXSourcesBuildPhase;
			buildActionMask = 2147483647;
			files = (
				63A0CF59218F7FF300013935 /* TodayViewController.swift in Sources */,
			);
			runOnlyForDeploymentPostprocessing = 0;
		};
/* End PBXSourcesBuildPhase section */

/* Begin PBXTargetDependency section */
		63A0CED9218F7F9400013935 /* PBXTargetDependency */ = {
			isa = PBXTargetDependency;
			target = 63A0CEC0218F7F9300013935 /* FoundSounds */;
			targetProxy = 63A0CED8218F7F9400013935 /* PBXContainerItemProxy */;
		};
		63A0CEE4218F7F9400013935 /* PBXTargetDependency */ = {
			isa = PBXTargetDependency;
			target = 63A0CEC0218F7F9300013935 /* FoundSounds */;
			targetProxy = 63A0CEE3218F7F9400013935 /* PBXContainerItemProxy */;
		};
		63A0CF05218F7FAC00013935 /* PBXTargetDependency */ = {
			isa = PBXTargetDependency;
			target = 63A0CF01218F7FAC00013935 /* FoundSounds Watch Extension */;
			targetProxy = 63A0CF04218F7FAC00013935 /* PBXContainerItemProxy */;
		};
		63A0CF14218F7FAD00013935 /* PBXTargetDependency */ = {
			isa = PBXTargetDependency;
			target = 63A0CEF5218F7FAB00013935 /* FoundSounds Watch */;
			targetProxy = 63A0CF13218F7FAD00013935 /* PBXContainerItemProxy */;
		};
		63A0CF36218F7FC700013935 /* PBXTargetDependency */ = {
			isa = PBXTargetDependency;
			target = 63A0CF21218F7FC500013935 /* FoundSounds TV */;
			targetProxy = 63A0CF35218F7FC700013935 /* PBXContainerItemProxy */;
		};
		63A0CF41218F7FC700013935 /* PBXTargetDependency */ = {
			isa = PBXTargetDependency;
			target = 63A0CF21218F7FC500013935 /* FoundSounds TV */;
			targetProxy = 63A0CF40218F7FC700013935 /* PBXContainerItemProxy */;
		};
		63A0CF5F218F7FF300013935 /* PBXTargetDependency */ = {
			isa = PBXTargetDependency;
			target = 63A0CF52218F7FF300013935 /* FoundSounds Today View */;
			targetProxy = 63A0CF5E218F7FF300013935 /* PBXContainerItemProxy */;
		};
/* End PBXTargetDependency section */

/* Begin PBXVariantGroup section */
		63A0CECA218F7F9300013935 /* Main.storyboard */ = {
			isa = PBXVariantGroup;
			children = (
				63A0CECB218F7F9300013935 /* Base */,
			);
			name = Main.storyboard;
			sourceTree = "<group>";
		};
		63A0CECF218F7F9400013935 /* LaunchScreen.storyboard */ = {
			isa = PBXVariantGroup;
			children = (
				63A0CED0218F7F9400013935 /* Base */,
			);
			name = LaunchScreen.storyboard;
			sourceTree = "<group>";
		};
		63A0CEF8218F7FAB00013935 /* Interface.storyboard */ = {
			isa = PBXVariantGroup;
			children = (
				63A0CEF9218F7FAB00013935 /* Base */,
			);
			name = Interface.storyboard;
			sourceTree = "<group>";
		};
		63A0CF2A218F7FC500013935 /* Main.storyboard */ = {
			isa = PBXVariantGroup;
			children = (
				63A0CF2B218F7FC500013935 /* Base */,
			);
			name = Main.storyboard;
			sourceTree = "<group>";
		};
		63A0CF5A218F7FF300013935 /* MainInterface.storyboard */ = {
			isa = PBXVariantGroup;
			children = (
				63A0CF5B218F7FF300013935 /* Base */,
			);
			name = MainInterface.storyboard;
			sourceTree = "<group>";
		};
/* End PBXVariantGroup section */

/* Begin XCBuildConfiguration section */
		63A0CEE9218F7F9400013935 /* Debug */ = {
			isa = XCBuildConfiguration;
			buildSettings = {
				ALWAYS_SEARCH_USER_PATHS = NO;
				CLANG_ANALYZER_NONNULL = YES;
				CLANG_ANALYZER_NUMBER_OBJECT_CONVERSION = YES_AGGRESSIVE;
				CLANG_CXX_LANGUAGE_STANDARD = "gnu++14";
				CLANG_CXX_LIBRARY = "libc++";
				CLANG_ENABLE_MODULES = YES;
				CLANG_ENABLE_OBJC_ARC = YES;
				CLANG_ENABLE_OBJC_WEAK = YES;
				CLANG_WARN_BLOCK_CAPTURE_AUTORELEASING = YES;
				CLANG_WARN_BOOL_CONVERSION = YES;
				CLANG_WARN_COMMA = YES;
				CLANG_WARN_CONSTANT_CONVERSION = YES;
				CLANG_WARN_DEPRECATED_OBJC_IMPLEMENTATIONS = YES;
				CLANG_WARN_DIRECT_OBJC_ISA_USAGE = YES_ERROR;
				CLANG_WARN_DOCUMENTATION_COMMENTS = YES;
				CLANG_WARN_EMPTY_BODY = YES;
				CLANG_WARN_ENUM_CONVERSION = YES;
				CLANG_WARN_INFINITE_RECURSION = YES;
				CLANG_WARN_INT_CONVERSION = YES;
				CLANG_WARN_NON_LITERAL_NULL_CONVERSION = YES;
				CLANG_WARN_OBJC_IMPLICIT_RETAIN_SELF = YES;
				CLANG_WARN_OBJC_LITERAL_CONVERSION = YES;
				CLANG_WARN_OBJC_ROOT_CLASS = YES_ERROR;
				CLANG_WARN_RANGE_LOOP_ANALYSIS = YES;
				CLANG_WARN_STRICT_PROTOTYPES = YES;
				CLANG_WARN_SUSPICIOUS_MOVE = YES;
				CLANG_WARN_UNGUARDED_AVAILABILITY = YES_AGGRESSIVE;
				CLANG_WARN_UNREACHABLE_CODE = YES;
				CLANG_WARN__DUPLICATE_METHOD_MATCH = YES;
				CODE_SIGN_IDENTITY = "iPhone Developer";
				COPY_PHASE_STRIP = NO;
				DEBUG_INFORMATION_FORMAT = dwarf;
				ENABLE_STRICT_OBJC_MSGSEND = YES;
				ENABLE_TESTABILITY = YES;
				GCC_C_LANGUAGE_STANDARD = gnu11;
				GCC_DYNAMIC_NO_PIC = NO;
				GCC_NO_COMMON_BLOCKS = YES;
				GCC_OPTIMIZATION_LEVEL = 0;
				GCC_PREPROCESSOR_DEFINITIONS = (
					"DEBUG=1",
					"$(inherited)",
				);
				GCC_WARN_64_TO_32_BIT_CONVERSION = YES;
				GCC_WARN_ABOUT_RETURN_TYPE = YES_ERROR;
				GCC_WARN_UNDECLARED_SELECTOR = YES;
				GCC_WARN_UNINITIALIZED_AUTOS = YES_AGGRESSIVE;
				GCC_WARN_UNUSED_FUNCTION = YES;
				GCC_WARN_UNUSED_VARIABLE = YES;
				IPHONEOS_DEPLOYMENT_TARGET = 12.1;
				MTL_ENABLE_DEBUG_INFO = INCLUDE_SOURCE;
				MTL_FAST_MATH = YES;
				ONLY_ACTIVE_ARCH = YES;
				SDKROOT = iphoneos;
				SWIFT_ACTIVE_COMPILATION_CONDITIONS = DEBUG;
				SWIFT_OPTIMIZATION_LEVEL = "-Onone";
			};
			name = Debug;
		};
		63A0CEEA218F7F9400013935 /* Release */ = {
			isa = XCBuildConfiguration;
			buildSettings = {
				ALWAYS_SEARCH_USER_PATHS = NO;
				CLANG_ANALYZER_NONNULL = YES;
				CLANG_ANALYZER_NUMBER_OBJECT_CONVERSION = YES_AGGRESSIVE;
				CLANG_CXX_LANGUAGE_STANDARD = "gnu++14";
				CLANG_CXX_LIBRARY = "libc++";
				CLANG_ENABLE_MODULES = YES;
				CLANG_ENABLE_OBJC_ARC = YES;
				CLANG_ENABLE_OBJC_WEAK = YES;
				CLANG_WARN_BLOCK_CAPTURE_AUTORELEASING = YES;
				CLANG_WARN_BOOL_CONVERSION = YES;
				CLANG_WARN_COMMA = YES;
				CLANG_WARN_CONSTANT_CONVERSION = YES;
				CLANG_WARN_DEPRECATED_OBJC_IMPLEMENTATIONS = YES;
				CLANG_WARN_DIRECT_OBJC_ISA_USAGE = YES_ERROR;
				CLANG_WARN_DOCUMENTATION_COMMENTS = YES;
				CLANG_WARN_EMPTY_BODY = YES;
				CLANG_WARN_ENUM_CONVERSION = YES;
				CLANG_WARN_INFINITE_RECURSION = YES;
				CLANG_WARN_INT_CONVERSION = YES;
				CLANG_WARN_NON_LITERAL_NULL_CONVERSION = YES;
				CLANG_WARN_OBJC_IMPLICIT_RETAIN_SELF = YES;
				CLANG_WARN_OBJC_LITERAL_CONVERSION = YES;
				CLANG_WARN_OBJC_ROOT_CLASS = YES_ERROR;
				CLANG_WARN_RANGE_LOOP_ANALYSIS = YES;
				CLANG_WARN_STRICT_PROTOTYPES = YES;
				CLANG_WARN_SUSPICIOUS_MOVE = YES;
				CLANG_WARN_UNGUARDED_AVAILABILITY = YES_AGGRESSIVE;
				CLANG_WARN_UNREACHABLE_CODE = YES;
				CLANG_WARN__DUPLICATE_METHOD_MATCH = YES;
				CODE_SIGN_IDENTITY = "iPhone Developer";
				COPY_PHASE_STRIP = NO;
				DEBUG_INFORMATION_FORMAT = "dwarf-with-dsym";
				ENABLE_NS_ASSERTIONS = NO;
				ENABLE_STRICT_OBJC_MSGSEND = YES;
				GCC_C_LANGUAGE_STANDARD = gnu11;
				GCC_NO_COMMON_BLOCKS = YES;
				GCC_WARN_64_TO_32_BIT_CONVERSION = YES;
				GCC_WARN_ABOUT_RETURN_TYPE = YES_ERROR;
				GCC_WARN_UNDECLARED_SELECTOR = YES;
				GCC_WARN_UNINITIALIZED_AUTOS = YES_AGGRESSIVE;
				GCC_WARN_UNUSED_FUNCTION = YES;
				GCC_WARN_UNUSED_VARIABLE = YES;
				IPHONEOS_DEPLOYMENT_TARGET = 12.1;
				MTL_ENABLE_DEBUG_INFO = NO;
				MTL_FAST_MATH = YES;
				SDKROOT = iphoneos;
				SWIFT_COMPILATION_MODE = wholemodule;
				SWIFT_OPTIMIZATION_LEVEL = "-O";
				VALIDATE_PRODUCT = YES;
			};
			name = Release;
		};
		63A0CEEC218F7F9400013935 /* Debug */ = {
			isa = XCBuildConfiguration;
			baseConfigurationReference = 9C6DBA813F204410DB53E5BF /* Pods-FoundSounds.debug.xcconfig */;
			buildSettings = {
				ALWAYS_EMBED_SWIFT_STANDARD_LIBRARIES = YES;
				ASSETCATALOG_COMPILER_APPICON_NAME = AppIcon;
				CODE_SIGN_STYLE = Automatic;
				DEVELOPMENT_TEAM = 9JALHNGRBQ;
				INFOPLIST_FILE = FoundSounds/Info.plist;
				LD_RUNPATH_SEARCH_PATHS = (
					"$(inherited)",
					"@executable_path/Frameworks",
				);
				PRODUCT_BUNDLE_IDENTIFIER = org.davidjensenius.FoundSounds;
				PRODUCT_NAME = "$(TARGET_NAME)";
				SWIFT_VERSION = 4.2;
				TARGETED_DEVICE_FAMILY = "1,2";
			};
			name = Debug;
		};
		63A0CEED218F7F9400013935 /* Release */ = {
			isa = XCBuildConfiguration;
			baseConfigurationReference = AB0D287332F96A81DE52B274 /* Pods-FoundSounds.release.xcconfig */;
			buildSettings = {
				ALWAYS_EMBED_SWIFT_STANDARD_LIBRARIES = YES;
				ASSETCATALOG_COMPILER_APPICON_NAME = AppIcon;
				CODE_SIGN_STYLE = Automatic;
				DEVELOPMENT_TEAM = 9JALHNGRBQ;
				INFOPLIST_FILE = FoundSounds/Info.plist;
				LD_RUNPATH_SEARCH_PATHS = (
					"$(inherited)",
					"@executable_path/Frameworks",
				);
				PRODUCT_BUNDLE_IDENTIFIER = org.davidjensenius.FoundSounds;
				PRODUCT_NAME = "$(TARGET_NAME)";
				SWIFT_VERSION = 4.2;
				TARGETED_DEVICE_FAMILY = "1,2";
			};
			name = Release;
		};
		63A0CEEF218F7F9400013935 /* Debug */ = {
			isa = XCBuildConfiguration;
			baseConfigurationReference = EB390DEDD0BD694C1CC97E69 /* Pods-FoundSoundsTests.debug.xcconfig */;
			buildSettings = {
				ALWAYS_EMBED_SWIFT_STANDARD_LIBRARIES = YES;
				BUNDLE_LOADER = "$(TEST_HOST)";
				CODE_SIGN_STYLE = Automatic;
				DEVELOPMENT_TEAM = 9JALHNGRBQ;
				INFOPLIST_FILE = FoundSoundsTests/Info.plist;
				LD_RUNPATH_SEARCH_PATHS = (
					"$(inherited)",
					"@executable_path/Frameworks",
					"@loader_path/Frameworks",
				);
				PRODUCT_BUNDLE_IDENTIFIER = org.davidjensenius.FoundSoundsTests;
				PRODUCT_NAME = "$(TARGET_NAME)";
				SWIFT_VERSION = 4.2;
				TARGETED_DEVICE_FAMILY = "1,2";
				TEST_HOST = "$(BUILT_PRODUCTS_DIR)/FoundSounds.app/FoundSounds";
			};
			name = Debug;
		};
		63A0CEF0218F7F9400013935 /* Release */ = {
			isa = XCBuildConfiguration;
			baseConfigurationReference = 0126FCB2F7D980043B6A2BDE /* Pods-FoundSoundsTests.release.xcconfig */;
			buildSettings = {
				ALWAYS_EMBED_SWIFT_STANDARD_LIBRARIES = YES;
				BUNDLE_LOADER = "$(TEST_HOST)";
				CODE_SIGN_STYLE = Automatic;
				DEVELOPMENT_TEAM = 9JALHNGRBQ;
				INFOPLIST_FILE = FoundSoundsTests/Info.plist;
				LD_RUNPATH_SEARCH_PATHS = (
					"$(inherited)",
					"@executable_path/Frameworks",
					"@loader_path/Frameworks",
				);
				PRODUCT_BUNDLE_IDENTIFIER = org.davidjensenius.FoundSoundsTests;
				PRODUCT_NAME = "$(TARGET_NAME)";
				SWIFT_VERSION = 4.2;
				TARGETED_DEVICE_FAMILY = "1,2";
				TEST_HOST = "$(BUILT_PRODUCTS_DIR)/FoundSounds.app/FoundSounds";
			};
			name = Release;
		};
		63A0CEF2218F7F9400013935 /* Debug */ = {
			isa = XCBuildConfiguration;
			baseConfigurationReference = 150566367024E258799C9658 /* Pods-FoundSoundsUITests.debug.xcconfig */;
			buildSettings = {
				ALWAYS_EMBED_SWIFT_STANDARD_LIBRARIES = YES;
				CODE_SIGN_STYLE = Automatic;
				DEVELOPMENT_TEAM = 9JALHNGRBQ;
				INFOPLIST_FILE = FoundSoundsUITests/Info.plist;
				LD_RUNPATH_SEARCH_PATHS = (
					"$(inherited)",
					"@executable_path/Frameworks",
					"@loader_path/Frameworks",
				);
				PRODUCT_BUNDLE_IDENTIFIER = org.davidjensenius.FoundSoundsUITests;
				PRODUCT_NAME = "$(TARGET_NAME)";
				SWIFT_VERSION = 4.2;
				TARGETED_DEVICE_FAMILY = "1,2";
				TEST_TARGET_NAME = FoundSounds;
			};
			name = Debug;
		};
		63A0CEF3218F7F9400013935 /* Release */ = {
			isa = XCBuildConfiguration;
			baseConfigurationReference = 5B24B5A6C871AA09D17872A5 /* Pods-FoundSoundsUITests.release.xcconfig */;
			buildSettings = {
				ALWAYS_EMBED_SWIFT_STANDARD_LIBRARIES = YES;
				CODE_SIGN_STYLE = Automatic;
				DEVELOPMENT_TEAM = 9JALHNGRBQ;
				INFOPLIST_FILE = FoundSoundsUITests/Info.plist;
				LD_RUNPATH_SEARCH_PATHS = (
					"$(inherited)",
					"@executable_path/Frameworks",
					"@loader_path/Frameworks",
				);
				PRODUCT_BUNDLE_IDENTIFIER = org.davidjensenius.FoundSoundsUITests;
				PRODUCT_NAME = "$(TARGET_NAME)";
				SWIFT_VERSION = 4.2;
				TARGETED_DEVICE_FAMILY = "1,2";
				TEST_TARGET_NAME = FoundSounds;
			};
			name = Release;
		};
		63A0CF17218F7FAD00013935 /* Debug */ = {
			isa = XCBuildConfiguration;
			baseConfigurationReference = 1EB8E8E4403967B754B9B182 /* Pods-FoundSounds Watch Extension.debug.xcconfig */;
			buildSettings = {
				ASSETCATALOG_COMPILER_COMPLICATION_NAME = Complication;
				CODE_SIGN_STYLE = Automatic;
				DEVELOPMENT_TEAM = 9JALHNGRBQ;
				INFOPLIST_FILE = "FoundSounds Watch Extension/Info.plist";
				LD_RUNPATH_SEARCH_PATHS = (
					"$(inherited)",
					"@executable_path/Frameworks",
					"@executable_path/../../Frameworks",
				);
				PRODUCT_BUNDLE_IDENTIFIER = org.davidjensenius.FoundSounds.watchkitapp.watchkitextension;
				PRODUCT_NAME = "${TARGET_NAME}";
				SDKROOT = watchos;
				SKIP_INSTALL = YES;
				SWIFT_VERSION = 4.2;
				TARGETED_DEVICE_FAMILY = 4;
				WATCHOS_DEPLOYMENT_TARGET = 5.1;
			};
			name = Debug;
		};
		63A0CF18218F7FAD00013935 /* Release */ = {
			isa = XCBuildConfiguration;
			baseConfigurationReference = E3958EEC51B54039F7A5C3A5 /* Pods-FoundSounds Watch Extension.release.xcconfig */;
			buildSettings = {
				ASSETCATALOG_COMPILER_COMPLICATION_NAME = Complication;
				CODE_SIGN_STYLE = Automatic;
				DEVELOPMENT_TEAM = 9JALHNGRBQ;
				INFOPLIST_FILE = "FoundSounds Watch Extension/Info.plist";
				LD_RUNPATH_SEARCH_PATHS = (
					"$(inherited)",
					"@executable_path/Frameworks",
					"@executable_path/../../Frameworks",
				);
				PRODUCT_BUNDLE_IDENTIFIER = org.davidjensenius.FoundSounds.watchkitapp.watchkitextension;
				PRODUCT_NAME = "${TARGET_NAME}";
				SDKROOT = watchos;
				SKIP_INSTALL = YES;
				SWIFT_VERSION = 4.2;
				TARGETED_DEVICE_FAMILY = 4;
				WATCHOS_DEPLOYMENT_TARGET = 5.1;
			};
			name = Release;
		};
		63A0CF1B218F7FAD00013935 /* Debug */ = {
			isa = XCBuildConfiguration;
			baseConfigurationReference = 61672E9733BF3CEA716AB4DA /* Pods-FoundSounds Watch.debug.xcconfig */;
			buildSettings = {
				ALWAYS_EMBED_SWIFT_STANDARD_LIBRARIES = YES;
				ASSETCATALOG_COMPILER_APPICON_NAME = AppIcon;
				CODE_SIGN_STYLE = Automatic;
				DEVELOPMENT_TEAM = 9JALHNGRBQ;
				IBSC_MODULE = FoundSounds_Watch_Extension;
				INFOPLIST_FILE = "FoundSounds Watch/Info.plist";
				PRODUCT_BUNDLE_IDENTIFIER = org.davidjensenius.FoundSounds.watchkitapp;
				PRODUCT_NAME = "$(TARGET_NAME)";
				SDKROOT = watchos;
				SKIP_INSTALL = YES;
				SWIFT_VERSION = 4.2;
				TARGETED_DEVICE_FAMILY = 4;
				WATCHOS_DEPLOYMENT_TARGET = 5.1;
			};
			name = Debug;
		};
		63A0CF1C218F7FAD00013935 /* Release */ = {
			isa = XCBuildConfiguration;
			baseConfigurationReference = 105F38B756B37E39AA2D072E /* Pods-FoundSounds Watch.release.xcconfig */;
			buildSettings = {
				ALWAYS_EMBED_SWIFT_STANDARD_LIBRARIES = YES;
				ASSETCATALOG_COMPILER_APPICON_NAME = AppIcon;
				CODE_SIGN_STYLE = Automatic;
				DEVELOPMENT_TEAM = 9JALHNGRBQ;
				IBSC_MODULE = FoundSounds_Watch_Extension;
				INFOPLIST_FILE = "FoundSounds Watch/Info.plist";
				PRODUCT_BUNDLE_IDENTIFIER = org.davidjensenius.FoundSounds.watchkitapp;
				PRODUCT_NAME = "$(TARGET_NAME)";
				SDKROOT = watchos;
				SKIP_INSTALL = YES;
				SWIFT_VERSION = 4.2;
				TARGETED_DEVICE_FAMILY = 4;
				WATCHOS_DEPLOYMENT_TARGET = 5.1;
			};
			name = Release;
		};
		63A0CF47218F7FC700013935 /* Debug */ = {
			isa = XCBuildConfiguration;
			baseConfigurationReference = 82A115A536509165CD0587FC /* Pods-FoundSounds TV.debug.xcconfig */;
			buildSettings = {
				ASSETCATALOG_COMPILER_APPICON_NAME = "App Icon & Top Shelf Image";
				ASSETCATALOG_COMPILER_LAUNCHIMAGE_NAME = LaunchImage;
				CODE_SIGN_STYLE = Automatic;
				DEVELOPMENT_TEAM = 9JALHNGRBQ;
				INFOPLIST_FILE = "FoundSounds TV/Info.plist";
				LD_RUNPATH_SEARCH_PATHS = (
					"$(inherited)",
					"@executable_path/Frameworks",
				);
				PRODUCT_BUNDLE_IDENTIFIER = "org.davidjensenius.FoundSounds-TV";
				PRODUCT_NAME = "$(TARGET_NAME)";
				SDKROOT = appletvos;
				SWIFT_VERSION = 4.2;
				TARGETED_DEVICE_FAMILY = 3;
				TVOS_DEPLOYMENT_TARGET = 12.1;
			};
			name = Debug;
		};
		63A0CF48218F7FC700013935 /* Release */ = {
			isa = XCBuildConfiguration;
			baseConfigurationReference = 2DE1B9C8003C970F33E2F7ED /* Pods-FoundSounds TV.release.xcconfig */;
			buildSettings = {
				ASSETCATALOG_COMPILER_APPICON_NAME = "App Icon & Top Shelf Image";
				ASSETCATALOG_COMPILER_LAUNCHIMAGE_NAME = LaunchImage;
				CODE_SIGN_STYLE = Automatic;
				DEVELOPMENT_TEAM = 9JALHNGRBQ;
				INFOPLIST_FILE = "FoundSounds TV/Info.plist";
				LD_RUNPATH_SEARCH_PATHS = (
					"$(inherited)",
					"@executable_path/Frameworks",
				);
				PRODUCT_BUNDLE_IDENTIFIER = "org.davidjensenius.FoundSounds-TV";
				PRODUCT_NAME = "$(TARGET_NAME)";
				SDKROOT = appletvos;
				SWIFT_VERSION = 4.2;
				TARGETED_DEVICE_FAMILY = 3;
				TVOS_DEPLOYMENT_TARGET = 12.1;
			};
			name = Release;
		};
		63A0CF4A218F7FC700013935 /* Debug */ = {
			isa = XCBuildConfiguration;
			baseConfigurationReference = F5E76F02B6F342F4D4F20FF7 /* Pods-FoundSounds TVTests.debug.xcconfig */;
			buildSettings = {
				ALWAYS_EMBED_SWIFT_STANDARD_LIBRARIES = YES;
				BUNDLE_LOADER = "$(TEST_HOST)";
				CODE_SIGN_STYLE = Automatic;
				DEVELOPMENT_TEAM = 9JALHNGRBQ;
				INFOPLIST_FILE = "FoundSounds TVTests/Info.plist";
				LD_RUNPATH_SEARCH_PATHS = (
					"$(inherited)",
					"@executable_path/Frameworks",
					"@loader_path/Frameworks",
				);
				PRODUCT_BUNDLE_IDENTIFIER = "org.davidjensenius.FoundSounds-TVTests";
				PRODUCT_NAME = "$(TARGET_NAME)";
				SDKROOT = appletvos;
				SWIFT_VERSION = 4.2;
				TARGETED_DEVICE_FAMILY = 3;
				TEST_HOST = "$(BUILT_PRODUCTS_DIR)/FoundSounds TV.app/FoundSounds TV";
				TVOS_DEPLOYMENT_TARGET = 12.1;
			};
			name = Debug;
		};
		63A0CF4B218F7FC700013935 /* Release */ = {
			isa = XCBuildConfiguration;
			baseConfigurationReference = 612837542023A9184A3C90BC /* Pods-FoundSounds TVTests.release.xcconfig */;
			buildSettings = {
				ALWAYS_EMBED_SWIFT_STANDARD_LIBRARIES = YES;
				BUNDLE_LOADER = "$(TEST_HOST)";
				CODE_SIGN_STYLE = Automatic;
				DEVELOPMENT_TEAM = 9JALHNGRBQ;
				INFOPLIST_FILE = "FoundSounds TVTests/Info.plist";
				LD_RUNPATH_SEARCH_PATHS = (
					"$(inherited)",
					"@executable_path/Frameworks",
					"@loader_path/Frameworks",
				);
				PRODUCT_BUNDLE_IDENTIFIER = "org.davidjensenius.FoundSounds-TVTests";
				PRODUCT_NAME = "$(TARGET_NAME)";
				SDKROOT = appletvos;
				SWIFT_VERSION = 4.2;
				TARGETED_DEVICE_FAMILY = 3;
				TEST_HOST = "$(BUILT_PRODUCTS_DIR)/FoundSounds TV.app/FoundSounds TV";
				TVOS_DEPLOYMENT_TARGET = 12.1;
			};
			name = Release;
		};
		63A0CF4D218F7FC700013935 /* Debug */ = {
			isa = XCBuildConfiguration;
			baseConfigurationReference = 023817B0DB69CF3CC330B4D2 /* Pods-FoundSounds TVUITests.debug.xcconfig */;
			buildSettings = {
				ALWAYS_EMBED_SWIFT_STANDARD_LIBRARIES = YES;
				CODE_SIGN_STYLE = Automatic;
				DEVELOPMENT_TEAM = 9JALHNGRBQ;
				INFOPLIST_FILE = "FoundSounds TVUITests/Info.plist";
				LD_RUNPATH_SEARCH_PATHS = (
					"$(inherited)",
					"@executable_path/Frameworks",
					"@loader_path/Frameworks",
				);
				PRODUCT_BUNDLE_IDENTIFIER = "org.davidjensenius.FoundSounds-TVUITests";
				PRODUCT_NAME = "$(TARGET_NAME)";
				SDKROOT = appletvos;
				SWIFT_VERSION = 4.2;
				TARGETED_DEVICE_FAMILY = 3;
				TEST_TARGET_NAME = "FoundSounds TV";
				TVOS_DEPLOYMENT_TARGET = 12.1;
			};
			name = Debug;
		};
		63A0CF4E218F7FC700013935 /* Release */ = {
			isa = XCBuildConfiguration;
			baseConfigurationReference = 0CD29AF711AC843B8A74B67C /* Pods-FoundSounds TVUITests.release.xcconfig */;
			buildSettings = {
				ALWAYS_EMBED_SWIFT_STANDARD_LIBRARIES = YES;
				CODE_SIGN_STYLE = Automatic;
				DEVELOPMENT_TEAM = 9JALHNGRBQ;
				INFOPLIST_FILE = "FoundSounds TVUITests/Info.plist";
				LD_RUNPATH_SEARCH_PATHS = (
					"$(inherited)",
					"@executable_path/Frameworks",
					"@loader_path/Frameworks",
				);
				PRODUCT_BUNDLE_IDENTIFIER = "org.davidjensenius.FoundSounds-TVUITests";
				PRODUCT_NAME = "$(TARGET_NAME)";
				SDKROOT = appletvos;
				SWIFT_VERSION = 4.2;
				TARGETED_DEVICE_FAMILY = 3;
				TEST_TARGET_NAME = "FoundSounds TV";
				TVOS_DEPLOYMENT_TARGET = 12.1;
			};
			name = Release;
		};
		63A0CF62218F7FF300013935 /* Debug */ = {
			isa = XCBuildConfiguration;
			baseConfigurationReference = 24F587573C9F35C3C558A81D /* Pods-FoundSounds Today View.debug.xcconfig */;
			buildSettings = {
				CODE_SIGN_STYLE = Automatic;
				DEVELOPMENT_TEAM = 9JALHNGRBQ;
				INFOPLIST_FILE = "FoundSounds Today View/Info.plist";
				LD_RUNPATH_SEARCH_PATHS = (
					"$(inherited)",
					"@executable_path/Frameworks",
					"@executable_path/../../Frameworks",
				);
				PRODUCT_BUNDLE_IDENTIFIER = "org.davidjensenius.FoundSounds.FoundSounds-Today-View";
				PRODUCT_NAME = "$(TARGET_NAME)";
				SKIP_INSTALL = YES;
				SWIFT_VERSION = 4.2;
				TARGETED_DEVICE_FAMILY = "1,2";
			};
			name = Debug;
		};
		63A0CF63218F7FF300013935 /* Release */ = {
			isa = XCBuildConfiguration;
			baseConfigurationReference = 8D9EB0466ED089B97831175A /* Pods-FoundSounds Today View.release.xcconfig */;
			buildSettings = {
				CODE_SIGN_STYLE = Automatic;
				DEVELOPMENT_TEAM = 9JALHNGRBQ;
				INFOPLIST_FILE = "FoundSounds Today View/Info.plist";
				LD_RUNPATH_SEARCH_PATHS = (
					"$(inherited)",
					"@executable_path/Frameworks",
					"@executable_path/../../Frameworks",
				);
				PRODUCT_BUNDLE_IDENTIFIER = "org.davidjensenius.FoundSounds.FoundSounds-Today-View";
				PRODUCT_NAME = "$(TARGET_NAME)";
				SKIP_INSTALL = YES;
				SWIFT_VERSION = 4.2;
				TARGETED_DEVICE_FAMILY = "1,2";
			};
			name = Release;
		};
/* End XCBuildConfiguration section */

/* Begin XCConfigurationList section */
		63A0CEBC218F7F9300013935 /* Build configuration list for PBXProject "FoundSounds" */ = {
			isa = XCConfigurationList;
			buildConfigurations = (
				63A0CEE9218F7F9400013935 /* Debug */,
				63A0CEEA218F7F9400013935 /* Release */,
			);
			defaultConfigurationIsVisible = 0;
			defaultConfigurationName = Release;
		};
		63A0CEEB218F7F9400013935 /* Build configuration list for PBXNativeTarget "FoundSounds" */ = {
			isa = XCConfigurationList;
			buildConfigurations = (
				63A0CEEC218F7F9400013935 /* Debug */,
				63A0CEED218F7F9400013935 /* Release */,
			);
			defaultConfigurationIsVisible = 0;
			defaultConfigurationName = Release;
		};
		63A0CEEE218F7F9400013935 /* Build configuration list for PBXNativeTarget "FoundSoundsTests" */ = {
			isa = XCConfigurationList;
			buildConfigurations = (
				63A0CEEF218F7F9400013935 /* Debug */,
				63A0CEF0218F7F9400013935 /* Release */,
			);
			defaultConfigurationIsVisible = 0;
			defaultConfigurationName = Release;
		};
		63A0CEF1218F7F9400013935 /* Build configuration list for PBXNativeTarget "FoundSoundsUITests" */ = {
			isa = XCConfigurationList;
			buildConfigurations = (
				63A0CEF2218F7F9400013935 /* Debug */,
				63A0CEF3218F7F9400013935 /* Release */,
			);
			defaultConfigurationIsVisible = 0;
			defaultConfigurationName = Release;
		};
		63A0CF16218F7FAD00013935 /* Build configuration list for PBXNativeTarget "FoundSounds Watch Extension" */ = {
			isa = XCConfigurationList;
			buildConfigurations = (
				63A0CF17218F7FAD00013935 /* Debug */,
				63A0CF18218F7FAD00013935 /* Release */,
			);
			defaultConfigurationIsVisible = 0;
			defaultConfigurationName = Release;
		};
		63A0CF1A218F7FAD00013935 /* Build configuration list for PBXNativeTarget "FoundSounds Watch" */ = {
			isa = XCConfigurationList;
			buildConfigurations = (
				63A0CF1B218F7FAD00013935 /* Debug */,
				63A0CF1C218F7FAD00013935 /* Release */,
			);
			defaultConfigurationIsVisible = 0;
			defaultConfigurationName = Release;
		};
		63A0CF46218F7FC700013935 /* Build configuration list for PBXNativeTarget "FoundSounds TV" */ = {
			isa = XCConfigurationList;
			buildConfigurations = (
				63A0CF47218F7FC700013935 /* Debug */,
				63A0CF48218F7FC700013935 /* Release */,
			);
			defaultConfigurationIsVisible = 0;
			defaultConfigurationName = Release;
		};
		63A0CF49218F7FC700013935 /* Build configuration list for PBXNativeTarget "FoundSounds TVTests" */ = {
			isa = XCConfigurationList;
			buildConfigurations = (
				63A0CF4A218F7FC700013935 /* Debug */,
				63A0CF4B218F7FC700013935 /* Release */,
			);
			defaultConfigurationIsVisible = 0;
			defaultConfigurationName = Release;
		};
		63A0CF4C218F7FC700013935 /* Build configuration list for PBXNativeTarget "FoundSounds TVUITests" */ = {
			isa = XCConfigurationList;
			buildConfigurations = (
				63A0CF4D218F7FC700013935 /* Debug */,
				63A0CF4E218F7FC700013935 /* Release */,
			);
			defaultConfigurationIsVisible = 0;
			defaultConfigurationName = Release;
		};
		63A0CF61218F7FF300013935 /* Build configuration list for PBXNativeTarget "FoundSounds Today View" */ = {
			isa = XCConfigurationList;
			buildConfigurations = (
				63A0CF62218F7FF300013935 /* Debug */,
				63A0CF63218F7FF300013935 /* Release */,
			);
			defaultConfigurationIsVisible = 0;
			defaultConfigurationName = Release;
		};
/* End XCConfigurationList section */
	};
	rootObject = 63A0CEB9218F7F9300013935 /* Project object */;
}
